// !$*UTF8*$!
{
	archiveVersion = 1;
	classes = {
	};
	objectVersion = 50;
	objects = {

/* Begin PBXBuildFile section */
		1871671422A76AFB001C6B41 /* AppDelegate.m in Sources */ = {isa = PBXBuildFile; fileRef = 1871671322A76AFB001C6B41 /* AppDelegate.m */; };
		1871671A22A76AFB001C6B41 /* Main.storyboard in Resources */ = {isa = PBXBuildFile; fileRef = 1871671822A76AFB001C6B41 /* Main.storyboard */; };
		1871671C22A76B03001C6B41 /* Assets.xcassets in Resources */ = {isa = PBXBuildFile; fileRef = 1871671B22A76B03001C6B41 /* Assets.xcassets */; };
		1871671F22A76B03001C6B41 /* LaunchScreen.storyboard in Resources */ = {isa = PBXBuildFile; fileRef = 1871671D22A76B03001C6B41 /* LaunchScreen.storyboard */; };
		1871672222A76B03001C6B41 /* main.m in Sources */ = {isa = PBXBuildFile; fileRef = 1871672122A76B03001C6B41 /* main.m */; };
		1871672C22A76B03001C6B41 /* WMZDialogTests.m in Sources */ = {isa = PBXBuildFile; fileRef = 1871672B22A76B03001C6B41 /* WMZDialogTests.m */; };
		1871673722A76B03001C6B41 /* WMZDialogUITests.m in Sources */ = {isa = PBXBuildFile; fileRef = 1871673622A76B03001C6B41 /* WMZDialogUITests.m */; };
		F3120DA72440581C00CF7CB7 /* LocationVC.m in Sources */ = {isa = PBXBuildFile; fileRef = F3120D8A2440581B00CF7CB7 /* LocationVC.m */; };
		F3120DA82440581C00CF7CB7 /* MenusSelectVC.m in Sources */ = {isa = PBXBuildFile; fileRef = F3120D912440581C00CF7CB7 /* MenusSelectVC.m */; };
		F3120DA92440581C00CF7CB7 /* CollectionViewPopDemo.m in Sources */ = {isa = PBXBuildFile; fileRef = F3120D932440581C00CF7CB7 /* CollectionViewPopDemo.m */; };
		F3120DAA2440581C00CF7CB7 /* ScrollViewPopDemo.m in Sources */ = {isa = PBXBuildFile; fileRef = F3120D942440581C00CF7CB7 /* ScrollViewPopDemo.m */; };
		F3120DAB2440581C00CF7CB7 /* TableViewPopDemo.m in Sources */ = {isa = PBXBuildFile; fileRef = F3120D962440581C00CF7CB7 /* TableViewPopDemo.m */; };
		F3120DAC2440581C00CF7CB7 /* PopVC.m in Sources */ = {isa = PBXBuildFile; fileRef = F3120D9A2440581C00CF7CB7 /* PopVC.m */; };
		F3120DAD2440581C00CF7CB7 /* NestedPopDemo.m in Sources */ = {isa = PBXBuildFile; fileRef = F3120D9B2440581C00CF7CB7 /* NestedPopDemo.m */; };
		F3120DAE2440581C00CF7CB7 /* CalanderVC.m in Sources */ = {isa = PBXBuildFile; fileRef = F3120D9F2440581C00CF7CB7 /* CalanderVC.m */; };
		F3120DAF2440581C00CF7CB7 /* ViewController.m in Sources */ = {isa = PBXBuildFile; fileRef = F3120DA12440581C00CF7CB7 /* ViewController.m */; };
		F3120DB02440581C00CF7CB7 /* DateTimeVC.m in Sources */ = {isa = PBXBuildFile; fileRef = F3120DA42440581C00CF7CB7 /* DateTimeVC.m */; };
		F3120DB4244058C800CF7CB7 /* BaseVC.m in Sources */ = {isa = PBXBuildFile; fileRef = F3120DB3244058C800CF7CB7 /* BaseVC.m */; };
		F3120DBA244058E700CF7CB7 /* NormalVC.m in Sources */ = {isa = PBXBuildFile; fileRef = F3120DB9244058E700CF7CB7 /* NormalVC.m */; };
		F3120DC024405C4200CF7CB7 /* SheetVC.m in Sources */ = {isa = PBXBuildFile; fileRef = F3120DBF24405C4200CF7CB7 /* SheetVC.m */; };
		F3120DC624405D4700CF7CB7 /* AutoDisappealVC.m in Sources */ = {isa = PBXBuildFile; fileRef = F3120DC524405D4700CF7CB7 /* AutoDisappealVC.m */; };
		F3120DC924405DF600CF7CB7 /* PayVC.m in Sources */ = {isa = PBXBuildFile; fileRef = F3120DC824405DF600CF7CB7 /* PayVC.m */; };
		F3120DCC24405ECC00CF7CB7 /* ShareVC.m in Sources */ = {isa = PBXBuildFile; fileRef = F3120DCB24405ECC00CF7CB7 /* ShareVC.m */; };
		F3120DD0244065CB00CF7CB7 /* WriteVC.m in Sources */ = {isa = PBXBuildFile; fileRef = F3120DCF244065CB00CF7CB7 /* WriteVC.m */; };
		F3120DD32440694A00CF7CB7 /* SelectVC.m in Sources */ = {isa = PBXBuildFile; fileRef = F3120DD22440694A00CF7CB7 /* SelectVC.m */; };
		F3120DD624406A0400CF7CB7 /* PickVC.m in Sources */ = {isa = PBXBuildFile; fileRef = F3120DD524406A0400CF7CB7 /* PickVC.m */; };
		F3120DD924406B2D00CF7CB7 /* TimeVC.m in Sources */ = {isa = PBXBuildFile; fileRef = F3120DD824406B2D00CF7CB7 /* TimeVC.m */; };
		F3120DDC24406DF500CF7CB7 /* DownVC.m in Sources */ = {isa = PBXBuildFile; fileRef = F3120DDB24406DF500CF7CB7 /* DownVC.m */; };
		F3120DDF24406F7600CF7CB7 /* AdvertisementVC.m in Sources */ = {isa = PBXBuildFile; fileRef = F3120DDE24406F7600CF7CB7 /* AdvertisementVC.m */; };
		F3120DE2244070EC00CF7CB7 /* NaviMenuVC.m in Sources */ = {isa = PBXBuildFile; fileRef = F3120DE1244070EC00CF7CB7 /* NaviMenuVC.m */; };
		F3120DE5244070FE00CF7CB7 /* TabbarMenuVC.m in Sources */ = {isa = PBXBuildFile; fileRef = F3120DE4244070FE00CF7CB7 /* TabbarMenuVC.m */; };
		F3120DE82440717500CF7CB7 /* LoadingVC.m in Sources */ = {isa = PBXBuildFile; fileRef = F3120DE72440717500CF7CB7 /* LoadingVC.m */; };
		F3120DEB2440733300CF7CB7 /* CustomVC.m in Sources */ = {isa = PBXBuildFile; fileRef = F3120DEA2440733300CF7CB7 /* CustomVC.m */; };
		F3120DEF2440736C00CF7CB7 /* PresentVC.m in Sources */ = {isa = PBXBuildFile; fileRef = F3120DEE2440736C00CF7CB7 /* PresentVC.m */; };
		F3199A1E23756C4600C674C0 /* CalanderModel.m in Sources */ = {isa = PBXBuildFile; fileRef = F3199A1D23756C4600C674C0 /* CalanderModel.m */; };
		F335AAE523B09508001BBC87 /* WMZDialog.m in Sources */ = {isa = PBXBuildFile; fileRef = F335AAE023B09508001BBC87 /* WMZDialog.m */; };
		F335AAE623B09508001BBC87 /* WMZDiaLogBase.m in Sources */ = {isa = PBXBuildFile; fileRef = F335AAE423B09508001BBC87 /* WMZDiaLogBase.m */; };
		F35480CC23714BDD00605C77 /* WMZDialog+CardPresent.m in Sources */ = {isa = PBXBuildFile; fileRef = F35480CB23714BDD00605C77 /* WMZDialog+CardPresent.m */; };
		F36E079A2373B0A8007C1E6A /* WMZDialog+Calander.m in Sources */ = {isa = PBXBuildFile; fileRef = F36E07992373B0A8007C1E6A /* WMZDialog+Calander.m */; };
		F36E07A02373B354007C1E6A /* NSDate+WMZCalendarDate.m in Sources */ = {isa = PBXBuildFile; fileRef = F36E079F2373B354007C1E6A /* NSDate+WMZCalendarDate.m */; };
		F395FE1F232ABC020020CFB5 /* NSLayoutConstraint+MASDebugAdditions.m in Sources */ = {isa = PBXBuildFile; fileRef = F395FE01232ABC010020CFB5 /* NSLayoutConstraint+MASDebugAdditions.m */; };
		F395FE20232ABC020020CFB5 /* ViewController+MASAdditions.m in Sources */ = {isa = PBXBuildFile; fileRef = F395FE0A232ABC010020CFB5 /* ViewController+MASAdditions.m */; };
		F395FE21232ABC020020CFB5 /* MASCompositeConstraint.m in Sources */ = {isa = PBXBuildFile; fileRef = F395FE0E232ABC010020CFB5 /* MASCompositeConstraint.m */; };
		F395FE22232ABC020020CFB5 /* MASConstraintMaker.m in Sources */ = {isa = PBXBuildFile; fileRef = F395FE0F232ABC010020CFB5 /* MASConstraintMaker.m */; };
		F395FE23232ABC020020CFB5 /* MASLayoutConstraint.m in Sources */ = {isa = PBXBuildFile; fileRef = F395FE10232ABC010020CFB5 /* MASLayoutConstraint.m */; };
		F395FE24232ABC020020CFB5 /* NSArray+MASAdditions.m in Sources */ = {isa = PBXBuildFile; fileRef = F395FE11232ABC010020CFB5 /* NSArray+MASAdditions.m */; };
		F395FE25232ABC020020CFB5 /* View+MASAdditions.m in Sources */ = {isa = PBXBuildFile; fileRef = F395FE12232ABC010020CFB5 /* View+MASAdditions.m */; };
		F395FE26232ABC020020CFB5 /* MASConstraint.m in Sources */ = {isa = PBXBuildFile; fileRef = F395FE15232ABC010020CFB5 /* MASConstraint.m */; };
		F395FE27232ABC020020CFB5 /* MASViewConstraint.m in Sources */ = {isa = PBXBuildFile; fileRef = F395FE17232ABC010020CFB5 /* MASViewConstraint.m */; };
		F395FE28232ABC020020CFB5 /* MASViewAttribute.m in Sources */ = {isa = PBXBuildFile; fileRef = F395FE18232ABC010020CFB5 /* MASViewAttribute.m */; };
		F3CEDD3223729B780073E457 /* WMZDialogTableView.m in Sources */ = {isa = PBXBuildFile; fileRef = F3CEDD3123729B780073E457 /* WMZDialogTableView.m */; };
		F3F4A78A232B3FC9008C70B2 /* WMZDialog+Write.m in Sources */ = {isa = PBXBuildFile; fileRef = F3F4A744232B3FC9008C70B2 /* WMZDialog+Write.m */; };
		F3F4A78B232B3FC9008C70B2 /* WMZDialog+NaviMenu.m in Sources */ = {isa = PBXBuildFile; fileRef = F3F4A747232B3FC9008C70B2 /* WMZDialog+NaviMenu.m */; };
		F3F4A78D232B3FC9008C70B2 /* WMZDialog+Loading.m in Sources */ = {isa = PBXBuildFile; fileRef = F3F4A74A232B3FC9008C70B2 /* WMZDialog+Loading.m */; };
		F3F4A78E232B3FC9008C70B2 /* WMZDialog+TabbarMenu.m in Sources */ = {isa = PBXBuildFile; fileRef = F3F4A74D232B3FC9008C70B2 /* WMZDialog+TabbarMenu.m */; };
		F3F4A78F232B3FC9008C70B2 /* WMZDialog+AutoDisappear.m in Sources */ = {isa = PBXBuildFile; fileRef = F3F4A750232B3FC9008C70B2 /* WMZDialog+AutoDisappear.m */; };
		F3F4A790232B3FC9008C70B2 /* WMZDialog+Down.m in Sources */ = {isa = PBXBuildFile; fileRef = F3F4A756232B3FC9008C70B2 /* WMZDialog+Down.m */; };
		F3F4A791232B3FC9008C70B2 /* WMZDialog+Location.m in Sources */ = {isa = PBXBuildFile; fileRef = F3F4A758232B3FC9008C70B2 /* WMZDialog+Location.m */; };
		F3F4A792232B3FC9008C70B2 /* WMZDialog+DatePicker.m in Sources */ = {isa = PBXBuildFile; fileRef = F3F4A75B232B3FC9008C70B2 /* WMZDialog+DatePicker.m */; };
		F3F4A793232B3FC9008C70B2 /* WMZDialog+PopView.m in Sources */ = {isa = PBXBuildFile; fileRef = F3F4A75E232B3FC9008C70B2 /* WMZDialog+PopView.m */; };
		F3F4A794232B3FC9008C70B2 /* WMZDialog+Pay.m in Sources */ = {isa = PBXBuildFile; fileRef = F3F4A762232B3FC9008C70B2 /* WMZDialog+Pay.m */; };
		F3F4A795232B3FC9008C70B2 /* WMZDialog+time.m in Sources */ = {isa = PBXBuildFile; fileRef = F3F4A764232B3FC9008C70B2 /* WMZDialog+time.m */; };
		F3F4A796232B3FC9008C70B2 /* WMZDialog+MenusSelect.m in Sources */ = {isa = PBXBuildFile; fileRef = F3F4A769232B3FC9008C70B2 /* WMZDialog+MenusSelect.m */; };
		F3F4A797232B3FC9008C70B2 /* WMZDialog.bundle in Resources */ = {isa = PBXBuildFile; fileRef = F3F4A76A232B3FC9008C70B2 /* WMZDialog.bundle */; };
		F3F4A798232B3FC9008C70B2 /* WMZDialog+PickView.m in Sources */ = {isa = PBXBuildFile; fileRef = F3F4A76D232B3FC9008C70B2 /* WMZDialog+PickView.m */; };
		F3F4A799232B3FC9008C70B2 /* WMZDialogShareView.m in Sources */ = {isa = PBXBuildFile; fileRef = F3F4A770232B3FC9008C70B2 /* WMZDialogShareView.m */; };
		F3F4A79A232B3FC9008C70B2 /* WMZDialogTool.m in Sources */ = {isa = PBXBuildFile; fileRef = F3F4A772232B3FC9008C70B2 /* WMZDialogTool.m */; };
		F3F4A79B232B3FC9008C70B2 /* WMZDialogAnimation.m in Sources */ = {isa = PBXBuildFile; fileRef = F3F4A774232B3FC9008C70B2 /* WMZDialogAnimation.m */; };
		F3F4A79D232B3FC9008C70B2 /* WMZDialog+Normal.m in Sources */ = {isa = PBXBuildFile; fileRef = F3F4A779232B3FC9008C70B2 /* WMZDialog+Normal.m */; };
		F3F4A79E232B3FC9008C70B2 /* WMZDialog+Advertisement.m in Sources */ = {isa = PBXBuildFile; fileRef = F3F4A77C232B3FC9008C70B2 /* WMZDialog+Advertisement.m */; };
		F3F4A79F232B3FC9008C70B2 /* WMZDialog+Select.m in Sources */ = {isa = PBXBuildFile; fileRef = F3F4A77F232B3FC9008C70B2 /* WMZDialog+Select.m */; };
		F3F4A7A0232B3FC9008C70B2 /* WMZDialog+Sheet.m in Sources */ = {isa = PBXBuildFile; fileRef = F3F4A782232B3FC9008C70B2 /* WMZDialog+Sheet.m */; };
		F3F4A7A2232B3FC9008C70B2 /* WMZDialog+Share.m in Sources */ = {isa = PBXBuildFile; fileRef = F3F4A788232B3FC9008C70B2 /* WMZDialog+Share.m */; };
/* End PBXBuildFile section */

/* Begin PBXContainerItemProxy section */
		1871672822A76B03001C6B41 /* PBXContainerItemProxy */ = {
			isa = PBXContainerItemProxy;
			containerPortal = 1871670722A76AFB001C6B41 /* Project object */;
			proxyType = 1;
			remoteGlobalIDString = 1871670E22A76AFB001C6B41;
			remoteInfo = WMZDialog;
		};
		1871673322A76B03001C6B41 /* PBXContainerItemProxy */ = {
			isa = PBXContainerItemProxy;
			containerPortal = 1871670722A76AFB001C6B41 /* Project object */;
			proxyType = 1;
			remoteGlobalIDString = 1871670E22A76AFB001C6B41;
			remoteInfo = WMZDialog;
		};
/* End PBXContainerItemProxy section */

/* Begin PBXFileReference section */
		1871670F22A76AFB001C6B41 /* WMZDialog.app */ = {isa = PBXFileReference; explicitFileType = wrapper.application; includeInIndex = 0; path = WMZDialog.app; sourceTree = BUILT_PRODUCTS_DIR; };
		1871671222A76AFB001C6B41 /* AppDelegate.h */ = {isa = PBXFileReference; lastKnownFileType = sourcecode.c.h; path = AppDelegate.h; sourceTree = "<group>"; };
		1871671322A76AFB001C6B41 /* AppDelegate.m */ = {isa = PBXFileReference; lastKnownFileType = sourcecode.c.objc; path = AppDelegate.m; sourceTree = "<group>"; };
		1871671922A76AFB001C6B41 /* Base */ = {isa = PBXFileReference; lastKnownFileType = file.storyboard; name = Base; path = Base.lproj/Main.storyboard; sourceTree = "<group>"; };
		1871671B22A76B03001C6B41 /* Assets.xcassets */ = {isa = PBXFileReference; lastKnownFileType = folder.assetcatalog; path = Assets.xcassets; sourceTree = "<group>"; };
		1871671E22A76B03001C6B41 /* Base */ = {isa = PBXFileReference; lastKnownFileType = file.storyboard; name = Base; path = Base.lproj/LaunchScreen.storyboard; sourceTree = "<group>"; };
		1871672022A76B03001C6B41 /* Info.plist */ = {isa = PBXFileReference; lastKnownFileType = text.plist.xml; path = Info.plist; sourceTree = "<group>"; };
		1871672122A76B03001C6B41 /* main.m */ = {isa = PBXFileReference; lastKnownFileType = sourcecode.c.objc; path = main.m; sourceTree = "<group>"; };
		1871672722A76B03001C6B41 /* WMZDialogTests.xctest */ = {isa = PBXFileReference; explicitFileType = wrapper.cfbundle; includeInIndex = 0; path = WMZDialogTests.xctest; sourceTree = BUILT_PRODUCTS_DIR; };
		1871672B22A76B03001C6B41 /* WMZDialogTests.m */ = {isa = PBXFileReference; lastKnownFileType = sourcecode.c.objc; path = WMZDialogTests.m; sourceTree = "<group>"; };
		1871672D22A76B03001C6B41 /* Info.plist */ = {isa = PBXFileReference; lastKnownFileType = text.plist.xml; path = Info.plist; sourceTree = "<group>"; };
		1871673222A76B03001C6B41 /* WMZDialogUITests.xctest */ = {isa = PBXFileReference; explicitFileType = wrapper.cfbundle; includeInIndex = 0; path = WMZDialogUITests.xctest; sourceTree = BUILT_PRODUCTS_DIR; };
		1871673622A76B03001C6B41 /* WMZDialogUITests.m */ = {isa = PBXFileReference; lastKnownFileType = sourcecode.c.objc; path = WMZDialogUITests.m; sourceTree = "<group>"; };
		1871673822A76B03001C6B41 /* Info.plist */ = {isa = PBXFileReference; lastKnownFileType = text.plist.xml; path = Info.plist; sourceTree = "<group>"; };
		F3120D892440581B00CF7CB7 /* LocationVC.h */ = {isa = PBXFileReference; fileEncoding = 4; lastKnownFileType = sourcecode.c.h; path = LocationVC.h; sourceTree = "<group>"; };
		F3120D8A2440581B00CF7CB7 /* LocationVC.m */ = {isa = PBXFileReference; fileEncoding = 4; lastKnownFileType = sourcecode.c.objc; path = LocationVC.m; sourceTree = "<group>"; };
		F3120D902440581C00CF7CB7 /* MenusSelectVC.h */ = {isa = PBXFileReference; fileEncoding = 4; lastKnownFileType = sourcecode.c.h; path = MenusSelectVC.h; sourceTree = "<group>"; };
		F3120D912440581C00CF7CB7 /* MenusSelectVC.m */ = {isa = PBXFileReference; fileEncoding = 4; lastKnownFileType = sourcecode.c.objc; path = MenusSelectVC.m; sourceTree = "<group>"; };
		F3120D932440581C00CF7CB7 /* CollectionViewPopDemo.m */ = {isa = PBXFileReference; fileEncoding = 4; lastKnownFileType = sourcecode.c.objc; path = CollectionViewPopDemo.m; sourceTree = "<group>"; };
		F3120D942440581C00CF7CB7 /* ScrollViewPopDemo.m */ = {isa = PBXFileReference; fileEncoding = 4; lastKnownFileType = sourcecode.c.objc; path = ScrollViewPopDemo.m; sourceTree = "<group>"; };
		F3120D952440581C00CF7CB7 /* PopVC.h */ = {isa = PBXFileReference; fileEncoding = 4; lastKnownFileType = sourcecode.c.h; path = PopVC.h; sourceTree = "<group>"; };
		F3120D962440581C00CF7CB7 /* TableViewPopDemo.m */ = {isa = PBXFileReference; fileEncoding = 4; lastKnownFileType = sourcecode.c.objc; path = TableViewPopDemo.m; sourceTree = "<group>"; };
		F3120D972440581C00CF7CB7 /* NestedPopDemo.h */ = {isa = PBXFileReference; fileEncoding = 4; lastKnownFileType = sourcecode.c.h; path = NestedPopDemo.h; sourceTree = "<group>"; };
		F3120D982440581C00CF7CB7 /* ScrollViewPopDemo.h */ = {isa = PBXFileReference; fileEncoding = 4; lastKnownFileType = sourcecode.c.h; path = ScrollViewPopDemo.h; sourceTree = "<group>"; };
		F3120D992440581C00CF7CB7 /* CollectionViewPopDemo.h */ = {isa = PBXFileReference; fileEncoding = 4; lastKnownFileType = sourcecode.c.h; path = CollectionViewPopDemo.h; sourceTree = "<group>"; };
		F3120D9A2440581C00CF7CB7 /* PopVC.m */ = {isa = PBXFileReference; fileEncoding = 4; lastKnownFileType = sourcecode.c.objc; path = PopVC.m; sourceTree = "<group>"; };
		F3120D9B2440581C00CF7CB7 /* NestedPopDemo.m */ = {isa = PBXFileReference; fileEncoding = 4; lastKnownFileType = sourcecode.c.objc; path = NestedPopDemo.m; sourceTree = "<group>"; };
		F3120D9C2440581C00CF7CB7 /* TableViewPopDemo.h */ = {isa = PBXFileReference; fileEncoding = 4; lastKnownFileType = sourcecode.c.h; path = TableViewPopDemo.h; sourceTree = "<group>"; };
		F3120D9E2440581C00CF7CB7 /* CalanderVC.h */ = {isa = PBXFileReference; fileEncoding = 4; lastKnownFileType = sourcecode.c.h; path = CalanderVC.h; sourceTree = "<group>"; };
		F3120D9F2440581C00CF7CB7 /* CalanderVC.m */ = {isa = PBXFileReference; fileEncoding = 4; lastKnownFileType = sourcecode.c.objc; path = CalanderVC.m; sourceTree = "<group>"; };
		F3120DA12440581C00CF7CB7 /* ViewController.m */ = {isa = PBXFileReference; fileEncoding = 4; lastKnownFileType = sourcecode.c.objc; path = ViewController.m; sourceTree = "<group>"; };
		F3120DA22440581C00CF7CB7 /* ViewController.h */ = {isa = PBXFileReference; fileEncoding = 4; lastKnownFileType = sourcecode.c.h; path = ViewController.h; sourceTree = "<group>"; };
		F3120DA42440581C00CF7CB7 /* DateTimeVC.m */ = {isa = PBXFileReference; fileEncoding = 4; lastKnownFileType = sourcecode.c.objc; path = DateTimeVC.m; sourceTree = "<group>"; };
		F3120DA52440581C00CF7CB7 /* DateTimeVC.h */ = {isa = PBXFileReference; fileEncoding = 4; lastKnownFileType = sourcecode.c.h; path = DateTimeVC.h; sourceTree = "<group>"; };
		F3120DB2244058C800CF7CB7 /* BaseVC.h */ = {isa = PBXFileReference; lastKnownFileType = sourcecode.c.h; path = BaseVC.h; sourceTree = "<group>"; };
		F3120DB3244058C800CF7CB7 /* BaseVC.m */ = {isa = PBXFileReference; lastKnownFileType = sourcecode.c.objc; path = BaseVC.m; sourceTree = "<group>"; };
		F3120DB8244058E700CF7CB7 /* NormalVC.h */ = {isa = PBXFileReference; lastKnownFileType = sourcecode.c.h; path = NormalVC.h; sourceTree = "<group>"; };
		F3120DB9244058E700CF7CB7 /* NormalVC.m */ = {isa = PBXFileReference; lastKnownFileType = sourcecode.c.objc; path = NormalVC.m; sourceTree = "<group>"; };
		F3120DBE24405C4200CF7CB7 /* SheetVC.h */ = {isa = PBXFileReference; lastKnownFileType = sourcecode.c.h; path = SheetVC.h; sourceTree = "<group>"; };
		F3120DBF24405C4200CF7CB7 /* SheetVC.m */ = {isa = PBXFileReference; lastKnownFileType = sourcecode.c.objc; path = SheetVC.m; sourceTree = "<group>"; };
		F3120DC424405D4700CF7CB7 /* AutoDisappealVC.h */ = {isa = PBXFileReference; lastKnownFileType = sourcecode.c.h; path = AutoDisappealVC.h; sourceTree = "<group>"; };
		F3120DC524405D4700CF7CB7 /* AutoDisappealVC.m */ = {isa = PBXFileReference; lastKnownFileType = sourcecode.c.objc; path = AutoDisappealVC.m; sourceTree = "<group>"; };
		F3120DC724405DF600CF7CB7 /* PayVC.h */ = {isa = PBXFileReference; lastKnownFileType = sourcecode.c.h; path = PayVC.h; sourceTree = "<group>"; };
		F3120DC824405DF600CF7CB7 /* PayVC.m */ = {isa = PBXFileReference; lastKnownFileType = sourcecode.c.objc; path = PayVC.m; sourceTree = "<group>"; };
		F3120DCA24405ECC00CF7CB7 /* ShareVC.h */ = {isa = PBXFileReference; lastKnownFileType = sourcecode.c.h; path = ShareVC.h; sourceTree = "<group>"; };
		F3120DCB24405ECC00CF7CB7 /* ShareVC.m */ = {isa = PBXFileReference; lastKnownFileType = sourcecode.c.objc; path = ShareVC.m; sourceTree = "<group>"; };
		F3120DCE244065CB00CF7CB7 /* WriteVC.h */ = {isa = PBXFileReference; lastKnownFileType = sourcecode.c.h; path = WriteVC.h; sourceTree = "<group>"; };
		F3120DCF244065CB00CF7CB7 /* WriteVC.m */ = {isa = PBXFileReference; lastKnownFileType = sourcecode.c.objc; path = WriteVC.m; sourceTree = "<group>"; };
		F3120DD12440694A00CF7CB7 /* SelectVC.h */ = {isa = PBXFileReference; lastKnownFileType = sourcecode.c.h; path = SelectVC.h; sourceTree = "<group>"; };
		F3120DD22440694A00CF7CB7 /* SelectVC.m */ = {isa = PBXFileReference; lastKnownFileType = sourcecode.c.objc; path = SelectVC.m; sourceTree = "<group>"; };
		F3120DD424406A0400CF7CB7 /* PickVC.h */ = {isa = PBXFileReference; lastKnownFileType = sourcecode.c.h; path = PickVC.h; sourceTree = "<group>"; };
		F3120DD524406A0400CF7CB7 /* PickVC.m */ = {isa = PBXFileReference; lastKnownFileType = sourcecode.c.objc; path = PickVC.m; sourceTree = "<group>"; };
		F3120DD724406B2D00CF7CB7 /* TimeVC.h */ = {isa = PBXFileReference; lastKnownFileType = sourcecode.c.h; path = TimeVC.h; sourceTree = "<group>"; };
		F3120DD824406B2D00CF7CB7 /* TimeVC.m */ = {isa = PBXFileReference; lastKnownFileType = sourcecode.c.objc; path = TimeVC.m; sourceTree = "<group>"; };
		F3120DDA24406DF500CF7CB7 /* DownVC.h */ = {isa = PBXFileReference; lastKnownFileType = sourcecode.c.h; path = DownVC.h; sourceTree = "<group>"; };
		F3120DDB24406DF500CF7CB7 /* DownVC.m */ = {isa = PBXFileReference; lastKnownFileType = sourcecode.c.objc; path = DownVC.m; sourceTree = "<group>"; };
		F3120DDD24406F7600CF7CB7 /* AdvertisementVC.h */ = {isa = PBXFileReference; lastKnownFileType = sourcecode.c.h; path = AdvertisementVC.h; sourceTree = "<group>"; };
		F3120DDE24406F7600CF7CB7 /* AdvertisementVC.m */ = {isa = PBXFileReference; lastKnownFileType = sourcecode.c.objc; path = AdvertisementVC.m; sourceTree = "<group>"; };
		F3120DE0244070EC00CF7CB7 /* NaviMenuVC.h */ = {isa = PBXFileReference; lastKnownFileType = sourcecode.c.h; path = NaviMenuVC.h; sourceTree = "<group>"; };
		F3120DE1244070EC00CF7CB7 /* NaviMenuVC.m */ = {isa = PBXFileReference; lastKnownFileType = sourcecode.c.objc; path = NaviMenuVC.m; sourceTree = "<group>"; };
		F3120DE3244070FE00CF7CB7 /* TabbarMenuVC.h */ = {isa = PBXFileReference; lastKnownFileType = sourcecode.c.h; path = TabbarMenuVC.h; sourceTree = "<group>"; };
		F3120DE4244070FE00CF7CB7 /* TabbarMenuVC.m */ = {isa = PBXFileReference; lastKnownFileType = sourcecode.c.objc; path = TabbarMenuVC.m; sourceTree = "<group>"; };
		F3120DE62440717500CF7CB7 /* LoadingVC.h */ = {isa = PBXFileReference; lastKnownFileType = sourcecode.c.h; path = LoadingVC.h; sourceTree = "<group>"; };
		F3120DE72440717500CF7CB7 /* LoadingVC.m */ = {isa = PBXFileReference; lastKnownFileType = sourcecode.c.objc; path = LoadingVC.m; sourceTree = "<group>"; };
		F3120DE92440733300CF7CB7 /* CustomVC.h */ = {isa = PBXFileReference; lastKnownFileType = sourcecode.c.h; path = CustomVC.h; sourceTree = "<group>"; };
		F3120DEA2440733300CF7CB7 /* CustomVC.m */ = {isa = PBXFileReference; lastKnownFileType = sourcecode.c.objc; path = CustomVC.m; sourceTree = "<group>"; };
		F3120DED2440736C00CF7CB7 /* PresentVC.h */ = {isa = PBXFileReference; lastKnownFileType = sourcecode.c.h; path = PresentVC.h; sourceTree = "<group>"; };
		F3120DEE2440736C00CF7CB7 /* PresentVC.m */ = {isa = PBXFileReference; lastKnownFileType = sourcecode.c.objc; path = PresentVC.m; sourceTree = "<group>"; };
		F3199A1C23756C4600C674C0 /* CalanderModel.h */ = {isa = PBXFileReference; lastKnownFileType = sourcecode.c.h; path = CalanderModel.h; sourceTree = "<group>"; };
		F3199A1D23756C4600C674C0 /* CalanderModel.m */ = {isa = PBXFileReference; lastKnownFileType = sourcecode.c.objc; path = CalanderModel.m; sourceTree = "<group>"; };
		F335AAE023B09508001BBC87 /* WMZDialog.m */ = {isa = PBXFileReference; fileEncoding = 4; lastKnownFileType = sourcecode.c.objc; path = WMZDialog.m; sourceTree = "<group>"; };
		F335AAE123B09508001BBC87 /* WMZDiaLogBase.h */ = {isa = PBXFileReference; fileEncoding = 4; lastKnownFileType = sourcecode.c.h; path = WMZDiaLogBase.h; sourceTree = "<group>"; };
		F335AAE223B09508001BBC87 /* WMZDialog.h */ = {isa = PBXFileReference; fileEncoding = 4; lastKnownFileType = sourcecode.c.h; path = WMZDialog.h; sourceTree = "<group>"; };
		F335AAE323B09508001BBC87 /* WMZDialogMacro.h */ = {isa = PBXFileReference; fileEncoding = 4; lastKnownFileType = sourcecode.c.h; path = WMZDialogMacro.h; sourceTree = "<group>"; };
		F335AAE423B09508001BBC87 /* WMZDiaLogBase.m */ = {isa = PBXFileReference; fileEncoding = 4; lastKnownFileType = sourcecode.c.objc; path = WMZDiaLogBase.m; sourceTree = "<group>"; };
		F35480CA23714BDD00605C77 /* WMZDialog+CardPresent.h */ = {isa = PBXFileReference; lastKnownFileType = sourcecode.c.h; path = "WMZDialog+CardPresent.h"; sourceTree = "<group>"; };
		F35480CB23714BDD00605C77 /* WMZDialog+CardPresent.m */ = {isa = PBXFileReference; lastKnownFileType = sourcecode.c.objc; path = "WMZDialog+CardPresent.m"; sourceTree = "<group>"; };
		F36E07982373B0A8007C1E6A /* WMZDialog+Calander.h */ = {isa = PBXFileReference; lastKnownFileType = sourcecode.c.h; path = "WMZDialog+Calander.h"; sourceTree = "<group>"; };
		F36E07992373B0A8007C1E6A /* WMZDialog+Calander.m */ = {isa = PBXFileReference; lastKnownFileType = sourcecode.c.objc; path = "WMZDialog+Calander.m"; sourceTree = "<group>"; };
		F36E079E2373B354007C1E6A /* NSDate+WMZCalendarDate.h */ = {isa = PBXFileReference; lastKnownFileType = sourcecode.c.h; path = "NSDate+WMZCalendarDate.h"; sourceTree = "<group>"; };
		F36E079F2373B354007C1E6A /* NSDate+WMZCalendarDate.m */ = {isa = PBXFileReference; lastKnownFileType = sourcecode.c.objc; path = "NSDate+WMZCalendarDate.m"; sourceTree = "<group>"; };
		F395FE00232ABC010020CFB5 /* MASCompositeConstraint.h */ = {isa = PBXFileReference; fileEncoding = 4; lastKnownFileType = sourcecode.c.h; path = MASCompositeConstraint.h; sourceTree = "<group>"; };
		F395FE01232ABC010020CFB5 /* NSLayoutConstraint+MASDebugAdditions.m */ = {isa = PBXFileReference; fileEncoding = 4; lastKnownFileType = sourcecode.c.objc; path = "NSLayoutConstraint+MASDebugAdditions.m"; sourceTree = "<group>"; };
		F395FE02232ABC010020CFB5 /* MASConstraint+Private.h */ = {isa = PBXFileReference; fileEncoding = 4; lastKnownFileType = sourcecode.c.h; path = "MASConstraint+Private.h"; sourceTree = "<group>"; };
		F395FE03232ABC010020CFB5 /* MASLayoutConstraint.h */ = {isa = PBXFileReference; fileEncoding = 4; lastKnownFileType = sourcecode.c.h; path = MASLayoutConstraint.h; sourceTree = "<group>"; };
		F395FE04232ABC010020CFB5 /* NSArray+MASShorthandAdditions.h */ = {isa = PBXFileReference; fileEncoding = 4; lastKnownFileType = sourcecode.c.h; path = "NSArray+MASShorthandAdditions.h"; sourceTree = "<group>"; };
		F395FE05232ABC010020CFB5 /* MASConstraintMaker.h */ = {isa = PBXFileReference; fileEncoding = 4; lastKnownFileType = sourcecode.c.h; path = MASConstraintMaker.h; sourceTree = "<group>"; };
		F395FE06232ABC010020CFB5 /* View+MASAdditions.h */ = {isa = PBXFileReference; fileEncoding = 4; lastKnownFileType = sourcecode.c.h; path = "View+MASAdditions.h"; sourceTree = "<group>"; };
		F395FE07232ABC010020CFB5 /* NSArray+MASAdditions.h */ = {isa = PBXFileReference; fileEncoding = 4; lastKnownFileType = sourcecode.c.h; path = "NSArray+MASAdditions.h"; sourceTree = "<group>"; };
		F395FE08232ABC010020CFB5 /* MASUtilities.h */ = {isa = PBXFileReference; fileEncoding = 4; lastKnownFileType = sourcecode.c.h; path = MASUtilities.h; sourceTree = "<group>"; };
		F395FE09232ABC010020CFB5 /* MASViewAttribute.h */ = {isa = PBXFileReference; fileEncoding = 4; lastKnownFileType = sourcecode.c.h; path = MASViewAttribute.h; sourceTree = "<group>"; };
		F395FE0A232ABC010020CFB5 /* ViewController+MASAdditions.m */ = {isa = PBXFileReference; fileEncoding = 4; lastKnownFileType = sourcecode.c.objc; path = "ViewController+MASAdditions.m"; sourceTree = "<group>"; };
		F395FE0B232ABC010020CFB5 /* MASViewConstraint.h */ = {isa = PBXFileReference; fileEncoding = 4; lastKnownFileType = sourcecode.c.h; path = MASViewConstraint.h; sourceTree = "<group>"; };
		F395FE0C232ABC010020CFB5 /* MASConstraint.h */ = {isa = PBXFileReference; fileEncoding = 4; lastKnownFileType = sourcecode.c.h; path = MASConstraint.h; sourceTree = "<group>"; };
		F395FE0D232ABC010020CFB5 /* NSLayoutConstraint+MASDebugAdditions.h */ = {isa = PBXFileReference; fileEncoding = 4; lastKnownFileType = sourcecode.c.h; path = "NSLayoutConstraint+MASDebugAdditions.h"; sourceTree = "<group>"; };
		F395FE0E232ABC010020CFB5 /* MASCompositeConstraint.m */ = {isa = PBXFileReference; fileEncoding = 4; lastKnownFileType = sourcecode.c.objc; path = MASCompositeConstraint.m; sourceTree = "<group>"; };
		F395FE0F232ABC010020CFB5 /* MASConstraintMaker.m */ = {isa = PBXFileReference; fileEncoding = 4; lastKnownFileType = sourcecode.c.objc; path = MASConstraintMaker.m; sourceTree = "<group>"; };
		F395FE10232ABC010020CFB5 /* MASLayoutConstraint.m */ = {isa = PBXFileReference; fileEncoding = 4; lastKnownFileType = sourcecode.c.objc; path = MASLayoutConstraint.m; sourceTree = "<group>"; };
		F395FE11232ABC010020CFB5 /* NSArray+MASAdditions.m */ = {isa = PBXFileReference; fileEncoding = 4; lastKnownFileType = sourcecode.c.objc; path = "NSArray+MASAdditions.m"; sourceTree = "<group>"; };
		F395FE12232ABC010020CFB5 /* View+MASAdditions.m */ = {isa = PBXFileReference; fileEncoding = 4; lastKnownFileType = sourcecode.c.objc; path = "View+MASAdditions.m"; sourceTree = "<group>"; };
		F395FE13232ABC010020CFB5 /* View+MASShorthandAdditions.h */ = {isa = PBXFileReference; fileEncoding = 4; lastKnownFileType = sourcecode.c.h; path = "View+MASShorthandAdditions.h"; sourceTree = "<group>"; };
		F395FE14232ABC010020CFB5 /* Masonry.h */ = {isa = PBXFileReference; fileEncoding = 4; lastKnownFileType = sourcecode.c.h; path = Masonry.h; sourceTree = "<group>"; };
		F395FE15232ABC010020CFB5 /* MASConstraint.m */ = {isa = PBXFileReference; fileEncoding = 4; lastKnownFileType = sourcecode.c.objc; path = MASConstraint.m; sourceTree = "<group>"; };
		F395FE16232ABC010020CFB5 /* ViewController+MASAdditions.h */ = {isa = PBXFileReference; fileEncoding = 4; lastKnownFileType = sourcecode.c.h; path = "ViewController+MASAdditions.h"; sourceTree = "<group>"; };
		F395FE17232ABC010020CFB5 /* MASViewConstraint.m */ = {isa = PBXFileReference; fileEncoding = 4; lastKnownFileType = sourcecode.c.objc; path = MASViewConstraint.m; sourceTree = "<group>"; };
		F395FE18232ABC010020CFB5 /* MASViewAttribute.m */ = {isa = PBXFileReference; fileEncoding = 4; lastKnownFileType = sourcecode.c.objc; path = MASViewAttribute.m; sourceTree = "<group>"; };
		F3CEDD3023729B780073E457 /* WMZDialogTableView.h */ = {isa = PBXFileReference; lastKnownFileType = sourcecode.c.h; path = WMZDialogTableView.h; sourceTree = "<group>"; };
		F3CEDD3123729B780073E457 /* WMZDialogTableView.m */ = {isa = PBXFileReference; lastKnownFileType = sourcecode.c.objc; path = WMZDialogTableView.m; sourceTree = "<group>"; };
		F3F4A743232B3FC9008C70B2 /* WMZDialog+Write.h */ = {isa = PBXFileReference; fileEncoding = 4; lastKnownFileType = sourcecode.c.h; path = "WMZDialog+Write.h"; sourceTree = "<group>"; };
		F3F4A744232B3FC9008C70B2 /* WMZDialog+Write.m */ = {isa = PBXFileReference; fileEncoding = 4; lastKnownFileType = sourcecode.c.objc; path = "WMZDialog+Write.m"; sourceTree = "<group>"; };
		F3F4A746232B3FC9008C70B2 /* WMZDialog+NaviMenu.h */ = {isa = PBXFileReference; fileEncoding = 4; lastKnownFileType = sourcecode.c.h; path = "WMZDialog+NaviMenu.h"; sourceTree = "<group>"; };
		F3F4A747232B3FC9008C70B2 /* WMZDialog+NaviMenu.m */ = {isa = PBXFileReference; fileEncoding = 4; lastKnownFileType = sourcecode.c.objc; path = "WMZDialog+NaviMenu.m"; sourceTree = "<group>"; };
		F3F4A74A232B3FC9008C70B2 /* WMZDialog+Loading.m */ = {isa = PBXFileReference; fileEncoding = 4; lastKnownFileType = sourcecode.c.objc; path = "WMZDialog+Loading.m"; sourceTree = "<group>"; };
		F3F4A74B232B3FC9008C70B2 /* WMZDialog+Loading.h */ = {isa = PBXFileReference; fileEncoding = 4; lastKnownFileType = sourcecode.c.h; path = "WMZDialog+Loading.h"; sourceTree = "<group>"; };
		F3F4A74D232B3FC9008C70B2 /* WMZDialog+TabbarMenu.m */ = {isa = PBXFileReference; fileEncoding = 4; lastKnownFileType = sourcecode.c.objc; path = "WMZDialog+TabbarMenu.m"; sourceTree = "<group>"; };
		F3F4A74E232B3FC9008C70B2 /* WMZDialog+TabbarMenu.h */ = {isa = PBXFileReference; fileEncoding = 4; lastKnownFileType = sourcecode.c.h; path = "WMZDialog+TabbarMenu.h"; sourceTree = "<group>"; };
		F3F4A750232B3FC9008C70B2 /* WMZDialog+AutoDisappear.m */ = {isa = PBXFileReference; fileEncoding = 4; lastKnownFileType = sourcecode.c.objc; path = "WMZDialog+AutoDisappear.m"; sourceTree = "<group>"; };
		F3F4A751232B3FC9008C70B2 /* WMZDialog+AutoDisappear.h */ = {isa = PBXFileReference; fileEncoding = 4; lastKnownFileType = sourcecode.c.h; path = "WMZDialog+AutoDisappear.h"; sourceTree = "<group>"; };
		F3F4A755232B3FC9008C70B2 /* WMZDialog+Down.h */ = {isa = PBXFileReference; fileEncoding = 4; lastKnownFileType = sourcecode.c.h; path = "WMZDialog+Down.h"; sourceTree = "<group>"; };
		F3F4A756232B3FC9008C70B2 /* WMZDialog+Down.m */ = {isa = PBXFileReference; fileEncoding = 4; lastKnownFileType = sourcecode.c.objc; path = "WMZDialog+Down.m"; sourceTree = "<group>"; };
		F3F4A758232B3FC9008C70B2 /* WMZDialog+Location.m */ = {isa = PBXFileReference; fileEncoding = 4; lastKnownFileType = sourcecode.c.objc; path = "WMZDialog+Location.m"; sourceTree = "<group>"; };
		F3F4A759232B3FC9008C70B2 /* WMZDialog+Location.h */ = {isa = PBXFileReference; fileEncoding = 4; lastKnownFileType = sourcecode.c.h; path = "WMZDialog+Location.h"; sourceTree = "<group>"; };
		F3F4A75B232B3FC9008C70B2 /* WMZDialog+DatePicker.m */ = {isa = PBXFileReference; fileEncoding = 4; lastKnownFileType = sourcecode.c.objc; path = "WMZDialog+DatePicker.m"; sourceTree = "<group>"; };
		F3F4A75C232B3FC9008C70B2 /* WMZDialog+DatePicker.h */ = {isa = PBXFileReference; fileEncoding = 4; lastKnownFileType = sourcecode.c.h; path = "WMZDialog+DatePicker.h"; sourceTree = "<group>"; };
		F3F4A75E232B3FC9008C70B2 /* WMZDialog+PopView.m */ = {isa = PBXFileReference; fileEncoding = 4; lastKnownFileType = sourcecode.c.objc; path = "WMZDialog+PopView.m"; sourceTree = "<group>"; };
		F3F4A75F232B3FC9008C70B2 /* WMZDialog+PopView.h */ = {isa = PBXFileReference; fileEncoding = 4; lastKnownFileType = sourcecode.c.h; path = "WMZDialog+PopView.h"; sourceTree = "<group>"; };
		F3F4A761232B3FC9008C70B2 /* WMZDialog+Pay.h */ = {isa = PBXFileReference; fileEncoding = 4; lastKnownFileType = sourcecode.c.h; path = "WMZDialog+Pay.h"; sourceTree = "<group>"; };
		F3F4A762232B3FC9008C70B2 /* WMZDialog+Pay.m */ = {isa = PBXFileReference; fileEncoding = 4; lastKnownFileType = sourcecode.c.objc; path = "WMZDialog+Pay.m"; sourceTree = "<group>"; };
		F3F4A764232B3FC9008C70B2 /* WMZDialog+time.m */ = {isa = PBXFileReference; fileEncoding = 4; lastKnownFileType = sourcecode.c.objc; path = "WMZDialog+time.m"; sourceTree = "<group>"; };
		F3F4A765232B3FC9008C70B2 /* WMZDialog+time.h */ = {isa = PBXFileReference; fileEncoding = 4; lastKnownFileType = sourcecode.c.h; path = "WMZDialog+time.h"; sourceTree = "<group>"; };
		F3F4A768232B3FC9008C70B2 /* WMZDialog+MenusSelect.h */ = {isa = PBXFileReference; fileEncoding = 4; lastKnownFileType = sourcecode.c.h; path = "WMZDialog+MenusSelect.h"; sourceTree = "<group>"; };
		F3F4A769232B3FC9008C70B2 /* WMZDialog+MenusSelect.m */ = {isa = PBXFileReference; fileEncoding = 4; lastKnownFileType = sourcecode.c.objc; path = "WMZDialog+MenusSelect.m"; sourceTree = "<group>"; };
		F3F4A76A232B3FC9008C70B2 /* WMZDialog.bundle */ = {isa = PBXFileReference; lastKnownFileType = "wrapper.plug-in"; path = WMZDialog.bundle; sourceTree = "<group>"; };
		F3F4A76C232B3FC9008C70B2 /* WMZDialog+PickView.h */ = {isa = PBXFileReference; fileEncoding = 4; lastKnownFileType = sourcecode.c.h; path = "WMZDialog+PickView.h"; sourceTree = "<group>"; };
		F3F4A76D232B3FC9008C70B2 /* WMZDialog+PickView.m */ = {isa = PBXFileReference; fileEncoding = 4; lastKnownFileType = sourcecode.c.objc; path = "WMZDialog+PickView.m"; sourceTree = "<group>"; };
		F3F4A76F232B3FC9008C70B2 /* WMZDialogTool.h */ = {isa = PBXFileReference; fileEncoding = 4; lastKnownFileType = sourcecode.c.h; path = WMZDialogTool.h; sourceTree = "<group>"; };
		F3F4A770232B3FC9008C70B2 /* WMZDialogShareView.m */ = {isa = PBXFileReference; fileEncoding = 4; lastKnownFileType = sourcecode.c.objc; path = WMZDialogShareView.m; sourceTree = "<group>"; };
		F3F4A771232B3FC9008C70B2 /* WMZDialogAnimation.h */ = {isa = PBXFileReference; fileEncoding = 4; lastKnownFileType = sourcecode.c.h; path = WMZDialogAnimation.h; sourceTree = "<group>"; };
		F3F4A772232B3FC9008C70B2 /* WMZDialogTool.m */ = {isa = PBXFileReference; fileEncoding = 4; lastKnownFileType = sourcecode.c.objc; path = WMZDialogTool.m; sourceTree = "<group>"; };
		F3F4A773232B3FC9008C70B2 /* WMZDialogShareView.h */ = {isa = PBXFileReference; fileEncoding = 4; lastKnownFileType = sourcecode.c.h; path = WMZDialogShareView.h; sourceTree = "<group>"; };
		F3F4A774232B3FC9008C70B2 /* WMZDialogAnimation.m */ = {isa = PBXFileReference; fileEncoding = 4; lastKnownFileType = sourcecode.c.objc; path = WMZDialogAnimation.m; sourceTree = "<group>"; };
		F3F4A779232B3FC9008C70B2 /* WMZDialog+Normal.m */ = {isa = PBXFileReference; fileEncoding = 4; lastKnownFileType = sourcecode.c.objc; path = "WMZDialog+Normal.m"; sourceTree = "<group>"; };
		F3F4A77A232B3FC9008C70B2 /* WMZDialog+Normal.h */ = {isa = PBXFileReference; fileEncoding = 4; lastKnownFileType = sourcecode.c.h; path = "WMZDialog+Normal.h"; sourceTree = "<group>"; };
		F3F4A77C232B3FC9008C70B2 /* WMZDialog+Advertisement.m */ = {isa = PBXFileReference; fileEncoding = 4; lastKnownFileType = sourcecode.c.objc; path = "WMZDialog+Advertisement.m"; sourceTree = "<group>"; };
		F3F4A77D232B3FC9008C70B2 /* WMZDialog+Advertisement.h */ = {isa = PBXFileReference; fileEncoding = 4; lastKnownFileType = sourcecode.c.h; path = "WMZDialog+Advertisement.h"; sourceTree = "<group>"; };
		F3F4A77F232B3FC9008C70B2 /* WMZDialog+Select.m */ = {isa = PBXFileReference; fileEncoding = 4; lastKnownFileType = sourcecode.c.objc; path = "WMZDialog+Select.m"; sourceTree = "<group>"; };
		F3F4A780232B3FC9008C70B2 /* WMZDialog+Select.h */ = {isa = PBXFileReference; fileEncoding = 4; lastKnownFileType = sourcecode.c.h; path = "WMZDialog+Select.h"; sourceTree = "<group>"; };
		F3F4A782232B3FC9008C70B2 /* WMZDialog+Sheet.m */ = {isa = PBXFileReference; fileEncoding = 4; lastKnownFileType = sourcecode.c.objc; path = "WMZDialog+Sheet.m"; sourceTree = "<group>"; };
		F3F4A783232B3FC9008C70B2 /* WMZDialog+Sheet.h */ = {isa = PBXFileReference; fileEncoding = 4; lastKnownFileType = sourcecode.c.h; path = "WMZDialog+Sheet.h"; sourceTree = "<group>"; };
		F3F4A788232B3FC9008C70B2 /* WMZDialog+Share.m */ = {isa = PBXFileReference; fileEncoding = 4; lastKnownFileType = sourcecode.c.objc; path = "WMZDialog+Share.m"; sourceTree = "<group>"; };
		F3F4A789232B3FC9008C70B2 /* WMZDialog+Share.h */ = {isa = PBXFileReference; fileEncoding = 4; lastKnownFileType = sourcecode.c.h; path = "WMZDialog+Share.h"; sourceTree = "<group>"; };
/* End PBXFileReference section */

/* Begin PBXFrameworksBuildPhase section */
		1871670C22A76AFB001C6B41 /* Frameworks */ = {
			isa = PBXFrameworksBuildPhase;
			buildActionMask = 2147483647;
			files = (
			);
			runOnlyForDeploymentPostprocessing = 0;
		};
		1871672422A76B03001C6B41 /* Frameworks */ = {
			isa = PBXFrameworksBuildPhase;
			buildActionMask = 2147483647;
			files = (
			);
			runOnlyForDeploymentPostprocessing = 0;
		};
		1871672F22A76B03001C6B41 /* Frameworks */ = {
			isa = PBXFrameworksBuildPhase;
			buildActionMask = 2147483647;
			files = (
			);
			runOnlyForDeploymentPostprocessing = 0;
		};
/* End PBXFrameworksBuildPhase section */

/* Begin PBXGroup section */
		184C26792305439C00679FCA /* Demo */ = {
			isa = PBXGroup;
			children = (
				F3120DEC2440735F00CF7CB7 /* iOS13Present弹窗 */,
				F3120DCD244065AD00CF7CB7 /* 编辑弹窗 */,
				F3120DB1244058A100CF7CB7 /* 普通弹窗 */,
				F3120D7F2440581B00CF7CB7 /* 底部弹窗 */,
				F3120D862440581B00CF7CB7 /* 倒计时弹窗 */,
				F3120D882440581B00CF7CB7 /* 地区选择 */,
				F3120D832440581B00CF7CB7 /* 底部菜单弹窗 */,
				F3120D8D2440581C00CF7CB7 /* 顶部菜单弹窗 */,
				F3120D8C2440581C00CF7CB7 /* 分享弹窗 */,
				F3120D7C2440581B00CF7CB7 /* 广告弹窗 */,
				F3120D8B2440581B00CF7CB7 /* 加载框 */,
				F3120D922440581C00CF7CB7 /* 任意位置pop弹窗 */,
				F3120D9D2440581C00CF7CB7 /* 日历 */,
				F3120DA32440581C00CF7CB7 /* 日期时间弹窗 */,
				F3120D842440581B00CF7CB7 /* 拾取器弹窗 */,
				F3120DA02440581C00CF7CB7 /* 首页demo */,
				F3120D8F2440581C00CF7CB7 /* 无限级菜单弹窗 */,
				F3120D7E2440581B00CF7CB7 /* 下载弹窗 */,
				F3120D8E2440581C00CF7CB7 /* 选择弹窗 */,
				F3120D852440581B00CF7CB7 /* 支付弹窗 */,
				F3120D872440581B00CF7CB7 /* 自定义弹窗 */,
				F3120D7D2440581B00CF7CB7 /* 自动消失弹窗 */,
				F3120DB2244058C800CF7CB7 /* BaseVC.h */,
				F3120DB3244058C800CF7CB7 /* BaseVC.m */,
			);
			path = Demo;
			sourceTree = "<group>";
		};
		1871670622A76AFB001C6B41 = {
			isa = PBXGroup;
			children = (
				1871671122A76AFB001C6B41 /* WMZDialog */,
				1871672A22A76B03001C6B41 /* WMZDialogTests */,
				1871673522A76B03001C6B41 /* WMZDialogUITests */,
				1871671022A76AFB001C6B41 /* Products */,
			);
			sourceTree = "<group>";
		};
		1871671022A76AFB001C6B41 /* Products */ = {
			isa = PBXGroup;
			children = (
				1871670F22A76AFB001C6B41 /* WMZDialog.app */,
				1871672722A76B03001C6B41 /* WMZDialogTests.xctest */,
				1871673222A76B03001C6B41 /* WMZDialogUITests.xctest */,
			);
			name = Products;
			sourceTree = "<group>";
		};
		1871671122A76AFB001C6B41 /* WMZDialog */ = {
			isa = PBXGroup;
			children = (
				F3F4A741232B3FC9008C70B2 /* WMZDialog */,
				F395FDFF232ABC010020CFB5 /* Masonry */,
				184C26792305439C00679FCA /* Demo */,
				1871671222A76AFB001C6B41 /* AppDelegate.h */,
				1871671322A76AFB001C6B41 /* AppDelegate.m */,
				1871671822A76AFB001C6B41 /* Main.storyboard */,
				1871671B22A76B03001C6B41 /* Assets.xcassets */,
				1871671D22A76B03001C6B41 /* LaunchScreen.storyboard */,
				1871672022A76B03001C6B41 /* Info.plist */,
				1871672122A76B03001C6B41 /* main.m */,
			);
			path = WMZDialog;
			sourceTree = "<group>";
		};
		1871672A22A76B03001C6B41 /* WMZDialogTests */ = {
			isa = PBXGroup;
			children = (
				1871672B22A76B03001C6B41 /* WMZDialogTests.m */,
				1871672D22A76B03001C6B41 /* Info.plist */,
			);
			path = WMZDialogTests;
			sourceTree = "<group>";
		};
		1871673522A76B03001C6B41 /* WMZDialogUITests */ = {
			isa = PBXGroup;
			children = (
				1871673622A76B03001C6B41 /* WMZDialogUITests.m */,
				1871673822A76B03001C6B41 /* Info.plist */,
			);
			path = WMZDialogUITests;
			sourceTree = "<group>";
		};
		F3120D7C2440581B00CF7CB7 /* 广告弹窗 */ = {
			isa = PBXGroup;
			children = (
				F3120DDD24406F7600CF7CB7 /* AdvertisementVC.h */,
				F3120DDE24406F7600CF7CB7 /* AdvertisementVC.m */,
			);
			path = "广告弹窗";
			sourceTree = "<group>";
		};
		F3120D7D2440581B00CF7CB7 /* 自动消失弹窗 */ = {
			isa = PBXGroup;
			children = (
				F3120DC424405D4700CF7CB7 /* AutoDisappealVC.h */,
				F3120DC524405D4700CF7CB7 /* AutoDisappealVC.m */,
			);
			path = "自动消失弹窗";
			sourceTree = "<group>";
		};
		F3120D7E2440581B00CF7CB7 /* 下载弹窗 */ = {
			isa = PBXGroup;
			children = (
				F3120DDA24406DF500CF7CB7 /* DownVC.h */,
				F3120DDB24406DF500CF7CB7 /* DownVC.m */,
			);
			path = "下载弹窗";
			sourceTree = "<group>";
		};
		F3120D7F2440581B00CF7CB7 /* 底部弹窗 */ = {
			isa = PBXGroup;
			children = (
				F3120DBE24405C4200CF7CB7 /* SheetVC.h */,
				F3120DBF24405C4200CF7CB7 /* SheetVC.m */,
			);
			path = "底部弹窗";
			sourceTree = "<group>";
		};
		F3120D832440581B00CF7CB7 /* 底部菜单弹窗 */ = {
			isa = PBXGroup;
			children = (
				F3120DE3244070FE00CF7CB7 /* TabbarMenuVC.h */,
				F3120DE4244070FE00CF7CB7 /* TabbarMenuVC.m */,
			);
			path = "底部菜单弹窗";
			sourceTree = "<group>";
		};
		F3120D842440581B00CF7CB7 /* 拾取器弹窗 */ = {
			isa = PBXGroup;
			children = (
				F3120DD424406A0400CF7CB7 /* PickVC.h */,
				F3120DD524406A0400CF7CB7 /* PickVC.m */,
			);
			path = "拾取器弹窗";
			sourceTree = "<group>";
		};
		F3120D852440581B00CF7CB7 /* 支付弹窗 */ = {
			isa = PBXGroup;
			children = (
				F3120DC724405DF600CF7CB7 /* PayVC.h */,
				F3120DC824405DF600CF7CB7 /* PayVC.m */,
			);
			path = "支付弹窗";
			sourceTree = "<group>";
		};
		F3120D862440581B00CF7CB7 /* 倒计时弹窗 */ = {
			isa = PBXGroup;
			children = (
				F3120DD724406B2D00CF7CB7 /* TimeVC.h */,
				F3120DD824406B2D00CF7CB7 /* TimeVC.m */,
			);
			path = "倒计时弹窗";
			sourceTree = "<group>";
		};
		F3120D872440581B00CF7CB7 /* 自定义弹窗 */ = {
			isa = PBXGroup;
			children = (
				F3120DE92440733300CF7CB7 /* CustomVC.h */,
				F3120DEA2440733300CF7CB7 /* CustomVC.m */,
			);
			path = "自定义弹窗";
			sourceTree = "<group>";
		};
		F3120D882440581B00CF7CB7 /* 地区选择 */ = {
			isa = PBXGroup;
			children = (
				F3120D892440581B00CF7CB7 /* LocationVC.h */,
				F3120D8A2440581B00CF7CB7 /* LocationVC.m */,
			);
			path = "地区选择";
			sourceTree = "<group>";
		};
		F3120D8B2440581B00CF7CB7 /* 加载框 */ = {
			isa = PBXGroup;
			children = (
				F3120DE62440717500CF7CB7 /* LoadingVC.h */,
				F3120DE72440717500CF7CB7 /* LoadingVC.m */,
			);
			path = "加载框";
			sourceTree = "<group>";
		};
		F3120D8C2440581C00CF7CB7 /* 分享弹窗 */ = {
			isa = PBXGroup;
			children = (
				F3120DCA24405ECC00CF7CB7 /* ShareVC.h */,
				F3120DCB24405ECC00CF7CB7 /* ShareVC.m */,
			);
			path = "分享弹窗";
			sourceTree = "<group>";
		};
		F3120D8D2440581C00CF7CB7 /* 顶部菜单弹窗 */ = {
			isa = PBXGroup;
			children = (
				F3120DE0244070EC00CF7CB7 /* NaviMenuVC.h */,
				F3120DE1244070EC00CF7CB7 /* NaviMenuVC.m */,
			);
			path = "顶部菜单弹窗";
			sourceTree = "<group>";
		};
		F3120D8E2440581C00CF7CB7 /* 选择弹窗 */ = {
			isa = PBXGroup;
			children = (
				F3120DD12440694A00CF7CB7 /* SelectVC.h */,
				F3120DD22440694A00CF7CB7 /* SelectVC.m */,
			);
			path = "选择弹窗";
			sourceTree = "<group>";
		};
		F3120D8F2440581C00CF7CB7 /* 无限级菜单弹窗 */ = {
			isa = PBXGroup;
			children = (
				F3120D902440581C00CF7CB7 /* MenusSelectVC.h */,
				F3120D912440581C00CF7CB7 /* MenusSelectVC.m */,
			);
			path = "无限级菜单弹窗";
			sourceTree = "<group>";
		};
		F3120D922440581C00CF7CB7 /* 任意位置pop弹窗 */ = {
			isa = PBXGroup;
			children = (
				F3120D932440581C00CF7CB7 /* CollectionViewPopDemo.m */,
				F3120D942440581C00CF7CB7 /* ScrollViewPopDemo.m */,
				F3120D952440581C00CF7CB7 /* PopVC.h */,
				F3120D962440581C00CF7CB7 /* TableViewPopDemo.m */,
				F3120D972440581C00CF7CB7 /* NestedPopDemo.h */,
				F3120D982440581C00CF7CB7 /* ScrollViewPopDemo.h */,
				F3120D992440581C00CF7CB7 /* CollectionViewPopDemo.h */,
				F3120D9A2440581C00CF7CB7 /* PopVC.m */,
				F3120D9B2440581C00CF7CB7 /* NestedPopDemo.m */,
				F3120D9C2440581C00CF7CB7 /* TableViewPopDemo.h */,
			);
			path = "任意位置pop弹窗";
			sourceTree = "<group>";
		};
		F3120D9D2440581C00CF7CB7 /* 日历 */ = {
			isa = PBXGroup;
			children = (
				F3120D9E2440581C00CF7CB7 /* CalanderVC.h */,
				F3120D9F2440581C00CF7CB7 /* CalanderVC.m */,
			);
			path = "日历";
			sourceTree = "<group>";
		};
		F3120DA02440581C00CF7CB7 /* 首页demo */ = {
			isa = PBXGroup;
			children = (
				F3120DA12440581C00CF7CB7 /* ViewController.m */,
				F3120DA22440581C00CF7CB7 /* ViewController.h */,
			);
			path = "首页demo";
			sourceTree = "<group>";
		};
		F3120DA32440581C00CF7CB7 /* 日期时间弹窗 */ = {
			isa = PBXGroup;
			children = (
				F3120DA42440581C00CF7CB7 /* DateTimeVC.m */,
				F3120DA52440581C00CF7CB7 /* DateTimeVC.h */,
			);
			path = "日期时间弹窗";
			sourceTree = "<group>";
		};
		F3120DB1244058A100CF7CB7 /* 普通弹窗 */ = {
			isa = PBXGroup;
			children = (
				F3120DB8244058E700CF7CB7 /* NormalVC.h */,
				F3120DB9244058E700CF7CB7 /* NormalVC.m */,
			);
			path = "普通弹窗";
			sourceTree = "<group>";
		};
		F3120DCD244065AD00CF7CB7 /* 编辑弹窗 */ = {
			isa = PBXGroup;
			children = (
				F3120DCE244065CB00CF7CB7 /* WriteVC.h */,
				F3120DCF244065CB00CF7CB7 /* WriteVC.m */,
			);
			path = "编辑弹窗";
			sourceTree = "<group>";
		};
		F3120DEC2440735F00CF7CB7 /* iOS13Present弹窗 */ = {
			isa = PBXGroup;
			children = (
				F3120DED2440736C00CF7CB7 /* PresentVC.h */,
				F3120DEE2440736C00CF7CB7 /* PresentVC.m */,
			);
			path = "iOS13Present弹窗";
			sourceTree = "<group>";
		};
		F335AADF23B09508001BBC87 /* Main */ = {
			isa = PBXGroup;
			children = (
				F335AAE223B09508001BBC87 /* WMZDialog.h */,
				F335AAE023B09508001BBC87 /* WMZDialog.m */,
				F335AAE123B09508001BBC87 /* WMZDiaLogBase.h */,
				F335AAE423B09508001BBC87 /* WMZDiaLogBase.m */,
				F335AAE323B09508001BBC87 /* WMZDialogMacro.h */,
			);
			path = Main;
			sourceTree = "<group>";
		};
		F35480C923714BC000605C77 /* CardPresent */ = {
			isa = PBXGroup;
			children = (
				F35480CA23714BDD00605C77 /* WMZDialog+CardPresent.h */,
				F35480CB23714BDD00605C77 /* WMZDialog+CardPresent.m */,
			);
			path = CardPresent;
			sourceTree = "<group>";
		};
		F36E07972373B09A007C1E6A /* Calander */ = {
			isa = PBXGroup;
			children = (
				F36E07982373B0A8007C1E6A /* WMZDialog+Calander.h */,
				F36E07992373B0A8007C1E6A /* WMZDialog+Calander.m */,
				F3199A1C23756C4600C674C0 /* CalanderModel.h */,
				F3199A1D23756C4600C674C0 /* CalanderModel.m */,
			);
			path = Calander;
			sourceTree = "<group>";
		};
		F395FDFF232ABC010020CFB5 /* Masonry */ = {
			isa = PBXGroup;
			children = (
				F395FE00232ABC010020CFB5 /* MASCompositeConstraint.h */,
				F395FE01232ABC010020CFB5 /* NSLayoutConstraint+MASDebugAdditions.m */,
				F395FE02232ABC010020CFB5 /* MASConstraint+Private.h */,
				F395FE03232ABC010020CFB5 /* MASLayoutConstraint.h */,
				F395FE04232ABC010020CFB5 /* NSArray+MASShorthandAdditions.h */,
				F395FE05232ABC010020CFB5 /* MASConstraintMaker.h */,
				F395FE06232ABC010020CFB5 /* View+MASAdditions.h */,
				F395FE07232ABC010020CFB5 /* NSArray+MASAdditions.h */,
				F395FE08232ABC010020CFB5 /* MASUtilities.h */,
				F395FE09232ABC010020CFB5 /* MASViewAttribute.h */,
				F395FE0A232ABC010020CFB5 /* ViewController+MASAdditions.m */,
				F395FE0B232ABC010020CFB5 /* MASViewConstraint.h */,
				F395FE0C232ABC010020CFB5 /* MASConstraint.h */,
				F395FE0D232ABC010020CFB5 /* NSLayoutConstraint+MASDebugAdditions.h */,
				F395FE0E232ABC010020CFB5 /* MASCompositeConstraint.m */,
				F395FE0F232ABC010020CFB5 /* MASConstraintMaker.m */,
				F395FE10232ABC010020CFB5 /* MASLayoutConstraint.m */,
				F395FE11232ABC010020CFB5 /* NSArray+MASAdditions.m */,
				F395FE12232ABC010020CFB5 /* View+MASAdditions.m */,
				F395FE13232ABC010020CFB5 /* View+MASShorthandAdditions.h */,
				F395FE14232ABC010020CFB5 /* Masonry.h */,
				F395FE15232ABC010020CFB5 /* MASConstraint.m */,
				F395FE16232ABC010020CFB5 /* ViewController+MASAdditions.h */,
				F395FE17232ABC010020CFB5 /* MASViewConstraint.m */,
				F395FE18232ABC010020CFB5 /* MASViewAttribute.m */,
			);
			path = Masonry;
			sourceTree = "<group>";
		};
		F3F4A741232B3FC9008C70B2 /* WMZDialog */ = {
			isa = PBXGroup;
			children = (
				F335AADF23B09508001BBC87 /* Main */,
				F3F4A76E232B3FC9008C70B2 /* WMZDialogTool */,
				F3F4A76A232B3FC9008C70B2 /* WMZDialog.bundle */,
				F3F4A74C232B3FC9008C70B2 /* TabbarMenu */,
				F3F4A742232B3FC9008C70B2 /* Write */,
				F3F4A74F232B3FC9008C70B2 /* AutoDisappear */,
				F3F4A754232B3FC9008C70B2 /* Dowm */,
				F3F4A757232B3FC9008C70B2 /* Location */,
				F3F4A75A232B3FC9008C70B2 /* DatePicker */,
				F3F4A75D232B3FC9008C70B2 /* PopView */,
				F3F4A760232B3FC9008C70B2 /* Pay */,
				F3F4A763232B3FC9008C70B2 /* Time */,
				F3F4A767232B3FC9008C70B2 /* MenusSelect */,
				F3F4A76B232B3FC9008C70B2 /* PickView */,
				F3F4A778232B3FC9008C70B2 /* Normal */,
				F3F4A77B232B3FC9008C70B2 /* Advertisement */,
				F3F4A77E232B3FC9008C70B2 /* Select */,
				F3F4A781232B3FC9008C70B2 /* Sheet */,
				F3F4A787232B3FC9008C70B2 /* Share */,
				F35480C923714BC000605C77 /* CardPresent */,
				F36E07972373B09A007C1E6A /* Calander */,
			);
			path = WMZDialog;
			sourceTree = "<group>";
		};
		F3F4A742232B3FC9008C70B2 /* Write */ = {
			isa = PBXGroup;
			children = (
				F3F4A745232B3FC9008C70B2 /* NaviMenu */,
				F3F4A743232B3FC9008C70B2 /* WMZDialog+Write.h */,
				F3F4A744232B3FC9008C70B2 /* WMZDialog+Write.m */,
			);
			path = Write;
			sourceTree = "<group>";
		};
		F3F4A745232B3FC9008C70B2 /* NaviMenu */ = {
			isa = PBXGroup;
			children = (
				F3F4A746232B3FC9008C70B2 /* WMZDialog+NaviMenu.h */,
				F3F4A747232B3FC9008C70B2 /* WMZDialog+NaviMenu.m */,
			);
			path = NaviMenu;
			sourceTree = "<group>";
		};
		F3F4A749232B3FC9008C70B2 /* Loading */ = {
			isa = PBXGroup;
			children = (
				F3F4A74B232B3FC9008C70B2 /* WMZDialog+Loading.h */,
				F3F4A74A232B3FC9008C70B2 /* WMZDialog+Loading.m */,
			);
			path = Loading;
			sourceTree = "<group>";
		};
		F3F4A74C232B3FC9008C70B2 /* TabbarMenu */ = {
			isa = PBXGroup;
			children = (
				F3F4A749232B3FC9008C70B2 /* Loading */,
				F3F4A74D232B3FC9008C70B2 /* WMZDialog+TabbarMenu.m */,
				F3F4A74E232B3FC9008C70B2 /* WMZDialog+TabbarMenu.h */,
			);
			path = TabbarMenu;
			sourceTree = "<group>";
		};
		F3F4A74F232B3FC9008C70B2 /* AutoDisappear */ = {
			isa = PBXGroup;
			children = (
				F3F4A750232B3FC9008C70B2 /* WMZDialog+AutoDisappear.m */,
				F3F4A751232B3FC9008C70B2 /* WMZDialog+AutoDisappear.h */,
			);
			path = AutoDisappear;
			sourceTree = "<group>";
		};
		F3F4A754232B3FC9008C70B2 /* Dowm */ = {
			isa = PBXGroup;
			children = (
				F3F4A755232B3FC9008C70B2 /* WMZDialog+Down.h */,
				F3F4A756232B3FC9008C70B2 /* WMZDialog+Down.m */,
			);
			path = Dowm;
			sourceTree = "<group>";
		};
		F3F4A757232B3FC9008C70B2 /* Location */ = {
			isa = PBXGroup;
			children = (
				F3F4A758232B3FC9008C70B2 /* WMZDialog+Location.m */,
				F3F4A759232B3FC9008C70B2 /* WMZDialog+Location.h */,
			);
			path = Location;
			sourceTree = "<group>";
		};
		F3F4A75A232B3FC9008C70B2 /* DatePicker */ = {
			isa = PBXGroup;
			children = (
				F3F4A75B232B3FC9008C70B2 /* WMZDialog+DatePicker.m */,
				F3F4A75C232B3FC9008C70B2 /* WMZDialog+DatePicker.h */,
			);
			path = DatePicker;
			sourceTree = "<group>";
		};
		F3F4A75D232B3FC9008C70B2 /* PopView */ = {
			isa = PBXGroup;
			children = (
				F3F4A75E232B3FC9008C70B2 /* WMZDialog+PopView.m */,
				F3F4A75F232B3FC9008C70B2 /* WMZDialog+PopView.h */,
			);
			path = PopView;
			sourceTree = "<group>";
		};
		F3F4A760232B3FC9008C70B2 /* Pay */ = {
			isa = PBXGroup;
			children = (
				F3F4A761232B3FC9008C70B2 /* WMZDialog+Pay.h */,
				F3F4A762232B3FC9008C70B2 /* WMZDialog+Pay.m */,
			);
			path = Pay;
			sourceTree = "<group>";
		};
		F3F4A763232B3FC9008C70B2 /* Time */ = {
			isa = PBXGroup;
			children = (
				F3F4A764232B3FC9008C70B2 /* WMZDialog+time.m */,
				F3F4A765232B3FC9008C70B2 /* WMZDialog+time.h */,
			);
			path = Time;
			sourceTree = "<group>";
		};
		F3F4A767232B3FC9008C70B2 /* MenusSelect */ = {
			isa = PBXGroup;
			children = (
				F3F4A768232B3FC9008C70B2 /* WMZDialog+MenusSelect.h */,
				F3F4A769232B3FC9008C70B2 /* WMZDialog+MenusSelect.m */,
			);
			path = MenusSelect;
			sourceTree = "<group>";
		};
		F3F4A76B232B3FC9008C70B2 /* PickView */ = {
			isa = PBXGroup;
			children = (
				F3F4A76C232B3FC9008C70B2 /* WMZDialog+PickView.h */,
				F3F4A76D232B3FC9008C70B2 /* WMZDialog+PickView.m */,
			);
			path = PickView;
			sourceTree = "<group>";
		};
		F3F4A76E232B3FC9008C70B2 /* WMZDialogTool */ = {
			isa = PBXGroup;
			children = (
				F3F4A76F232B3FC9008C70B2 /* WMZDialogTool.h */,
				F3F4A772232B3FC9008C70B2 /* WMZDialogTool.m */,
				F3F4A773232B3FC9008C70B2 /* WMZDialogShareView.h */,
				F3F4A770232B3FC9008C70B2 /* WMZDialogShareView.m */,
				F3F4A771232B3FC9008C70B2 /* WMZDialogAnimation.h */,
				F3F4A774232B3FC9008C70B2 /* WMZDialogAnimation.m */,
				F3CEDD3023729B780073E457 /* WMZDialogTableView.h */,
				F3CEDD3123729B780073E457 /* WMZDialogTableView.m */,
				F36E079E2373B354007C1E6A /* NSDate+WMZCalendarDate.h */,
				F36E079F2373B354007C1E6A /* NSDate+WMZCalendarDate.m */,
			);
			path = WMZDialogTool;
			sourceTree = "<group>";
		};
		F3F4A778232B3FC9008C70B2 /* Normal */ = {
			isa = PBXGroup;
			children = (
				F3F4A779232B3FC9008C70B2 /* WMZDialog+Normal.m */,
				F3F4A77A232B3FC9008C70B2 /* WMZDialog+Normal.h */,
			);
			path = Normal;
			sourceTree = "<group>";
		};
		F3F4A77B232B3FC9008C70B2 /* Advertisement */ = {
			isa = PBXGroup;
			children = (
				F3F4A77C232B3FC9008C70B2 /* WMZDialog+Advertisement.m */,
				F3F4A77D232B3FC9008C70B2 /* WMZDialog+Advertisement.h */,
			);
			path = Advertisement;
			sourceTree = "<group>";
		};
		F3F4A77E232B3FC9008C70B2 /* Select */ = {
			isa = PBXGroup;
			children = (
				F3F4A77F232B3FC9008C70B2 /* WMZDialog+Select.m */,
				F3F4A780232B3FC9008C70B2 /* WMZDialog+Select.h */,
			);
			path = Select;
			sourceTree = "<group>";
		};
		F3F4A781232B3FC9008C70B2 /* Sheet */ = {
			isa = PBXGroup;
			children = (
				F3F4A782232B3FC9008C70B2 /* WMZDialog+Sheet.m */,
				F3F4A783232B3FC9008C70B2 /* WMZDialog+Sheet.h */,
			);
			path = Sheet;
			sourceTree = "<group>";
		};
		F3F4A787232B3FC9008C70B2 /* Share */ = {
			isa = PBXGroup;
			children = (
				F3F4A788232B3FC9008C70B2 /* WMZDialog+Share.m */,
				F3F4A789232B3FC9008C70B2 /* WMZDialog+Share.h */,
			);
			path = Share;
			sourceTree = "<group>";
		};
/* End PBXGroup section */

/* Begin PBXNativeTarget section */
		1871670E22A76AFB001C6B41 /* WMZDialog */ = {
			isa = PBXNativeTarget;
			buildConfigurationList = 1871673B22A76B03001C6B41 /* Build configuration list for PBXNativeTarget "WMZDialog" */;
			buildPhases = (
				1871670B22A76AFB001C6B41 /* Sources */,
				1871670C22A76AFB001C6B41 /* Frameworks */,
				1871670D22A76AFB001C6B41 /* Resources */,
			);
			buildRules = (
			);
			dependencies = (
			);
			name = WMZDialog;
			productName = WMZDialog;
			productReference = 1871670F22A76AFB001C6B41 /* WMZDialog.app */;
			productType = "com.apple.product-type.application";
		};
		1871672622A76B03001C6B41 /* WMZDialogTests */ = {
			isa = PBXNativeTarget;
			buildConfigurationList = 1871673E22A76B03001C6B41 /* Build configuration list for PBXNativeTarget "WMZDialogTests" */;
			buildPhases = (
				1871672322A76B03001C6B41 /* Sources */,
				1871672422A76B03001C6B41 /* Frameworks */,
				1871672522A76B03001C6B41 /* Resources */,
			);
			buildRules = (
			);
			dependencies = (
				1871672922A76B03001C6B41 /* PBXTargetDependency */,
			);
			name = WMZDialogTests;
			productName = WMZDialogTests;
			productReference = 1871672722A76B03001C6B41 /* WMZDialogTests.xctest */;
			productType = "com.apple.product-type.bundle.unit-test";
		};
		1871673122A76B03001C6B41 /* WMZDialogUITests */ = {
			isa = PBXNativeTarget;
			buildConfigurationList = 1871674122A76B03001C6B41 /* Build configuration list for PBXNativeTarget "WMZDialogUITests" */;
			buildPhases = (
				1871672E22A76B03001C6B41 /* Sources */,
				1871672F22A76B03001C6B41 /* Frameworks */,
				1871673022A76B03001C6B41 /* Resources */,
			);
			buildRules = (
			);
			dependencies = (
				1871673422A76B03001C6B41 /* PBXTargetDependency */,
			);
			name = WMZDialogUITests;
			productName = WMZDialogUITests;
			productReference = 1871673222A76B03001C6B41 /* WMZDialogUITests.xctest */;
			productType = "com.apple.product-type.bundle.ui-testing";
		};
/* End PBXNativeTarget section */

/* Begin PBXProject section */
		1871670722A76AFB001C6B41 /* Project object */ = {
			isa = PBXProject;
			attributes = {
				LastUpgradeCheck = 1000;
				ORGANIZATIONNAME = wmz;
				TargetAttributes = {
					1871670E22A76AFB001C6B41 = {
						CreatedOnToolsVersion = 10.0;
					};
					1871672622A76B03001C6B41 = {
						CreatedOnToolsVersion = 10.0;
						TestTargetID = 1871670E22A76AFB001C6B41;
					};
					1871673122A76B03001C6B41 = {
						CreatedOnToolsVersion = 10.0;
						TestTargetID = 1871670E22A76AFB001C6B41;
					};
				};
			};
			buildConfigurationList = 1871670A22A76AFB001C6B41 /* Build configuration list for PBXProject "WMZDialog" */;
			compatibilityVersion = "Xcode 9.3";
			developmentRegion = en;
			hasScannedForEncodings = 0;
			knownRegions = (
				en,
				Base,
			);
			mainGroup = 1871670622A76AFB001C6B41;
			productRefGroup = 1871671022A76AFB001C6B41 /* Products */;
			projectDirPath = "";
			projectRoot = "";
			targets = (
				1871670E22A76AFB001C6B41 /* WMZDialog */,
				1871672622A76B03001C6B41 /* WMZDialogTests */,
				1871673122A76B03001C6B41 /* WMZDialogUITests */,
			);
		};
/* End PBXProject section */

/* Begin PBXResourcesBuildPhase section */
		1871670D22A76AFB001C6B41 /* Resources */ = {
			isa = PBXResourcesBuildPhase;
			buildActionMask = 2147483647;
			files = (
				1871671F22A76B03001C6B41 /* LaunchScreen.storyboard in Resources */,
				1871671C22A76B03001C6B41 /* Assets.xcassets in Resources */,
				F3F4A797232B3FC9008C70B2 /* WMZDialog.bundle in Resources */,
				1871671A22A76AFB001C6B41 /* Main.storyboard in Resources */,
			);
			runOnlyForDeploymentPostprocessing = 0;
		};
		1871672522A76B03001C6B41 /* Resources */ = {
			isa = PBXResourcesBuildPhase;
			buildActionMask = 2147483647;
			files = (
			);
			runOnlyForDeploymentPostprocessing = 0;
		};
		1871673022A76B03001C6B41 /* Resources */ = {
			isa = PBXResourcesBuildPhase;
			buildActionMask = 2147483647;
			files = (
			);
			runOnlyForDeploymentPostprocessing = 0;
		};
/* End PBXResourcesBuildPhase section */

/* Begin PBXSourcesBuildPhase section */
		1871670B22A76AFB001C6B41 /* Sources */ = {
			isa = PBXSourcesBuildPhase;
			buildActionMask = 2147483647;
			files = (
				F3F4A7A0232B3FC9008C70B2 /* WMZDialog+Sheet.m in Sources */,
				F3F4A78A232B3FC9008C70B2 /* WMZDialog+Write.m in Sources */,
				F3F4A791232B3FC9008C70B2 /* WMZDialog+Location.m in Sources */,
				F3120DCC24405ECC00CF7CB7 /* ShareVC.m in Sources */,
				F3120DEF2440736C00CF7CB7 /* PresentVC.m in Sources */,
				F3120DB4244058C800CF7CB7 /* BaseVC.m in Sources */,
				F3F4A78F232B3FC9008C70B2 /* WMZDialog+AutoDisappear.m in Sources */,
				F3120DC024405C4200CF7CB7 /* SheetVC.m in Sources */,
				F3F4A79F232B3FC9008C70B2 /* WMZDialog+Select.m in Sources */,
				F395FE21232ABC020020CFB5 /* MASCompositeConstraint.m in Sources */,
				F3F4A78D232B3FC9008C70B2 /* WMZDialog+Loading.m in Sources */,
				F3120DE2244070EC00CF7CB7 /* NaviMenuVC.m in Sources */,
				F3120DD624406A0400CF7CB7 /* PickVC.m in Sources */,
				F3120DC624405D4700CF7CB7 /* AutoDisappealVC.m in Sources */,
				F3120DAE2440581C00CF7CB7 /* CalanderVC.m in Sources */,
				F3F4A78B232B3FC9008C70B2 /* WMZDialog+NaviMenu.m in Sources */,
				F3F4A799232B3FC9008C70B2 /* WMZDialogShareView.m in Sources */,
				F395FE26232ABC020020CFB5 /* MASConstraint.m in Sources */,
				F3F4A790232B3FC9008C70B2 /* WMZDialog+Down.m in Sources */,
				F3120DA92440581C00CF7CB7 /* CollectionViewPopDemo.m in Sources */,
				F3120DA72440581C00CF7CB7 /* LocationVC.m in Sources */,
				F395FE25232ABC020020CFB5 /* View+MASAdditions.m in Sources */,
				F3120DD32440694A00CF7CB7 /* SelectVC.m in Sources */,
				F36E079A2373B0A8007C1E6A /* WMZDialog+Calander.m in Sources */,
				F3F4A79B232B3FC9008C70B2 /* WMZDialogAnimation.m in Sources */,
				F3120DA82440581C00CF7CB7 /* MenusSelectVC.m in Sources */,
				F36E07A02373B354007C1E6A /* NSDate+WMZCalendarDate.m in Sources */,
				F3120DBA244058E700CF7CB7 /* NormalVC.m in Sources */,
				F3120DDF24406F7600CF7CB7 /* AdvertisementVC.m in Sources */,
				F3F4A795232B3FC9008C70B2 /* WMZDialog+time.m in Sources */,
				F3F4A794232B3FC9008C70B2 /* WMZDialog+Pay.m in Sources */,
				F335AAE523B09508001BBC87 /* WMZDialog.m in Sources */,
				F3120DAD2440581C00CF7CB7 /* NestedPopDemo.m in Sources */,
				F3120DD0244065CB00CF7CB7 /* WriteVC.m in Sources */,
				F335AAE623B09508001BBC87 /* WMZDiaLogBase.m in Sources */,
				F395FE27232ABC020020CFB5 /* MASViewConstraint.m in Sources */,
				F3120DDC24406DF500CF7CB7 /* DownVC.m in Sources */,
				F3120DB02440581C00CF7CB7 /* DateTimeVC.m in Sources */,
				F3120DAF2440581C00CF7CB7 /* ViewController.m in Sources */,
				F395FE24232ABC020020CFB5 /* NSArray+MASAdditions.m in Sources */,
				F3120DC924405DF600CF7CB7 /* PayVC.m in Sources */,
				F3120DAC2440581C00CF7CB7 /* PopVC.m in Sources */,
				F35480CC23714BDD00605C77 /* WMZDialog+CardPresent.m in Sources */,
				F3120DE82440717500CF7CB7 /* LoadingVC.m in Sources */,
				F3F4A79A232B3FC9008C70B2 /* WMZDialogTool.m in Sources */,
				F3F4A792232B3FC9008C70B2 /* WMZDialog+DatePicker.m in Sources */,
				F3F4A796232B3FC9008C70B2 /* WMZDialog+MenusSelect.m in Sources */,
				F3120DAA2440581C00CF7CB7 /* ScrollViewPopDemo.m in Sources */,
				F395FE28232ABC020020CFB5 /* MASViewAttribute.m in Sources */,
				F3120DEB2440733300CF7CB7 /* CustomVC.m in Sources */,
				F3F4A78E232B3FC9008C70B2 /* WMZDialog+TabbarMenu.m in Sources */,
				1871672222A76B03001C6B41 /* main.m in Sources */,
				1871671422A76AFB001C6B41 /* AppDelegate.m in Sources */,
				F395FE20232ABC020020CFB5 /* ViewController+MASAdditions.m in Sources */,
				F3120DE5244070FE00CF7CB7 /* TabbarMenuVC.m in Sources */,
				F3120DD924406B2D00CF7CB7 /* TimeVC.m in Sources */,
				F3120DAB2440581C00CF7CB7 /* TableViewPopDemo.m in Sources */,
				F3F4A793232B3FC9008C70B2 /* WMZDialog+PopView.m in Sources */,
				F3CEDD3223729B780073E457 /* WMZDialogTableView.m in Sources */,
				F395FE1F232ABC020020CFB5 /* NSLayoutConstraint+MASDebugAdditions.m in Sources */,
				F3F4A79E232B3FC9008C70B2 /* WMZDialog+Advertisement.m in Sources */,
				F3F4A7A2232B3FC9008C70B2 /* WMZDialog+Share.m in Sources */,
				F3F4A798232B3FC9008C70B2 /* WMZDialog+PickView.m in Sources */,
				F395FE22232ABC020020CFB5 /* MASConstraintMaker.m in Sources */,
				F3199A1E23756C4600C674C0 /* CalanderModel.m in Sources */,
				F395FE23232ABC020020CFB5 /* MASLayoutConstraint.m in Sources */,
				F3F4A79D232B3FC9008C70B2 /* WMZDialog+Normal.m in Sources */,
			);
			runOnlyForDeploymentPostprocessing = 0;
		};
		1871672322A76B03001C6B41 /* Sources */ = {
			isa = PBXSourcesBuildPhase;
			buildActionMask = 2147483647;
			files = (
				1871672C22A76B03001C6B41 /* WMZDialogTests.m in Sources */,
			);
			runOnlyForDeploymentPostprocessing = 0;
		};
		1871672E22A76B03001C6B41 /* Sources */ = {
			isa = PBXSourcesBuildPhase;
			buildActionMask = 2147483647;
			files = (
				1871673722A76B03001C6B41 /* WMZDialogUITests.m in Sources */,
			);
			runOnlyForDeploymentPostprocessing = 0;
		};
/* End PBXSourcesBuildPhase section */

/* Begin PBXTargetDependency section */
		1871672922A76B03001C6B41 /* PBXTargetDependency */ = {
			isa = PBXTargetDependency;
			target = 1871670E22A76AFB001C6B41 /* WMZDialog */;
			targetProxy = 1871672822A76B03001C6B41 /* PBXContainerItemProxy */;
		};
		1871673422A76B03001C6B41 /* PBXTargetDependency */ = {
			isa = PBXTargetDependency;
			target = 1871670E22A76AFB001C6B41 /* WMZDialog */;
			targetProxy = 1871673322A76B03001C6B41 /* PBXContainerItemProxy */;
		};
/* End PBXTargetDependency section */

/* Begin PBXVariantGroup section */
		1871671822A76AFB001C6B41 /* Main.storyboard */ = {
			isa = PBXVariantGroup;
			children = (
				1871671922A76AFB001C6B41 /* Base */,
			);
			name = Main.storyboard;
			sourceTree = "<group>";
		};
		1871671D22A76B03001C6B41 /* LaunchScreen.storyboard */ = {
			isa = PBXVariantGroup;
			children = (
				1871671E22A76B03001C6B41 /* Base */,
			);
			name = LaunchScreen.storyboard;
			sourceTree = "<group>";
		};
/* End PBXVariantGroup section */

/* Begin XCBuildConfiguration section */
		1871673922A76B03001C6B41 /* Debug */ = {
			isa = XCBuildConfiguration;
			buildSettings = {
				ALWAYS_SEARCH_USER_PATHS = NO;
				CLANG_ANALYZER_NONNULL = YES;
				CLANG_ANALYZER_NUMBER_OBJECT_CONVERSION = YES_AGGRESSIVE;
				CLANG_CXX_LANGUAGE_STANDARD = "gnu++14";
				CLANG_CXX_LIBRARY = "libc++";
				CLANG_ENABLE_MODULES = YES;
				CLANG_ENABLE_OBJC_ARC = YES;
				CLANG_ENABLE_OBJC_WEAK = YES;
				CLANG_WARN_BLOCK_CAPTURE_AUTORELEASING = YES;
				CLANG_WARN_BOOL_CONVERSION = YES;
				CLANG_WARN_COMMA = YES;
				CLANG_WARN_CONSTANT_CONVERSION = YES;
				CLANG_WARN_DEPRECATED_OBJC_IMPLEMENTATIONS = YES;
				CLANG_WARN_DIRECT_OBJC_ISA_USAGE = YES_ERROR;
				CLANG_WARN_DOCUMENTATION_COMMENTS = YES;
				CLANG_WARN_EMPTY_BODY = YES;
				CLANG_WARN_ENUM_CONVERSION = YES;
				CLANG_WARN_INFINITE_RECURSION = YES;
				CLANG_WARN_INT_CONVERSION = YES;
				CLANG_WARN_NON_LITERAL_NULL_CONVERSION = YES;
				CLANG_WARN_OBJC_IMPLICIT_RETAIN_SELF = YES;
				CLANG_WARN_OBJC_LITERAL_CONVERSION = YES;
				CLANG_WARN_OBJC_ROOT_CLASS = YES_ERROR;
				CLANG_WARN_RANGE_LOOP_ANALYSIS = YES;
				CLANG_WARN_STRICT_PROTOTYPES = YES;
				CLANG_WARN_SUSPICIOUS_MOVE = YES;
				CLANG_WARN_UNGUARDED_AVAILABILITY = YES_AGGRESSIVE;
				CLANG_WARN_UNREACHABLE_CODE = YES;
				CLANG_WARN__DUPLICATE_METHOD_MATCH = YES;
				CODE_SIGN_IDENTITY = "iPhone Developer";
				COPY_PHASE_STRIP = NO;
				DEBUG_INFORMATION_FORMAT = dwarf;
				ENABLE_STRICT_OBJC_MSGSEND = YES;
				ENABLE_TESTABILITY = YES;
				GCC_C_LANGUAGE_STANDARD = gnu11;
				GCC_DYNAMIC_NO_PIC = NO;
				GCC_NO_COMMON_BLOCKS = YES;
				GCC_OPTIMIZATION_LEVEL = 0;
				GCC_PREPROCESSOR_DEFINITIONS = (
					"DEBUG=1",
					"$(inherited)",
				);
				GCC_WARN_64_TO_32_BIT_CONVERSION = YES;
				GCC_WARN_ABOUT_RETURN_TYPE = YES_ERROR;
				GCC_WARN_UNDECLARED_SELECTOR = YES;
				GCC_WARN_UNINITIALIZED_AUTOS = YES_AGGRESSIVE;
				GCC_WARN_UNUSED_FUNCTION = YES;
				GCC_WARN_UNUSED_VARIABLE = YES;
				IPHONEOS_DEPLOYMENT_TARGET = 12.0;
				MTL_ENABLE_DEBUG_INFO = INCLUDE_SOURCE;
				MTL_FAST_MATH = YES;
				ONLY_ACTIVE_ARCH = YES;
				SDKROOT = iphoneos;
			};
			name = Debug;
		};
		1871673A22A76B03001C6B41 /* Release */ = {
			isa = XCBuildConfiguration;
			buildSettings = {
				ALWAYS_SEARCH_USER_PATHS = NO;
				CLANG_ANALYZER_NONNULL = YES;
				CLANG_ANALYZER_NUMBER_OBJECT_CONVERSION = YES_AGGRESSIVE;
				CLANG_CXX_LANGUAGE_STANDARD = "gnu++14";
				CLANG_CXX_LIBRARY = "libc++";
				CLANG_ENABLE_MODULES = YES;
				CLANG_ENABLE_OBJC_ARC = YES;
				CLANG_ENABLE_OBJC_WEAK = YES;
				CLANG_WARN_BLOCK_CAPTURE_AUTORELEASING = YES;
				CLANG_WARN_BOOL_CONVERSION = YES;
				CLANG_WARN_COMMA = YES;
				CLANG_WARN_CONSTANT_CONVERSION = YES;
				CLANG_WARN_DEPRECATED_OBJC_IMPLEMENTATIONS = YES;
				CLANG_WARN_DIRECT_OBJC_ISA_USAGE = YES_ERROR;
				CLANG_WARN_DOCUMENTATION_COMMENTS = YES;
				CLANG_WARN_EMPTY_BODY = YES;
				CLANG_WARN_ENUM_CONVERSION = YES;
				CLANG_WARN_INFINITE_RECURSION = YES;
				CLANG_WARN_INT_CONVERSION = YES;
				CLANG_WARN_NON_LITERAL_NULL_CONVERSION = YES;
				CLANG_WARN_OBJC_IMPLICIT_RETAIN_SELF = YES;
				CLANG_WARN_OBJC_LITERAL_CONVERSION = YES;
				CLANG_WARN_OBJC_ROOT_CLASS = YES_ERROR;
				CLANG_WARN_RANGE_LOOP_ANALYSIS = YES;
				CLANG_WARN_STRICT_PROTOTYPES = YES;
				CLANG_WARN_SUSPICIOUS_MOVE = YES;
				CLANG_WARN_UNGUARDED_AVAILABILITY = YES_AGGRESSIVE;
				CLANG_WARN_UNREACHABLE_CODE = YES;
				CLANG_WARN__DUPLICATE_METHOD_MATCH = YES;
				CODE_SIGN_IDENTITY = "iPhone Developer";
				COPY_PHASE_STRIP = NO;
				DEBUG_INFORMATION_FORMAT = "dwarf-with-dsym";
				ENABLE_NS_ASSERTIONS = NO;
				ENABLE_STRICT_OBJC_MSGSEND = YES;
				GCC_C_LANGUAGE_STANDARD = gnu11;
				GCC_NO_COMMON_BLOCKS = YES;
				GCC_WARN_64_TO_32_BIT_CONVERSION = YES;
				GCC_WARN_ABOUT_RETURN_TYPE = YES_ERROR;
				GCC_WARN_UNDECLARED_SELECTOR = YES;
				GCC_WARN_UNINITIALIZED_AUTOS = YES_AGGRESSIVE;
				GCC_WARN_UNUSED_FUNCTION = YES;
				GCC_WARN_UNUSED_VARIABLE = YES;
				IPHONEOS_DEPLOYMENT_TARGET = 12.0;
				MTL_ENABLE_DEBUG_INFO = NO;
				MTL_FAST_MATH = YES;
				SDKROOT = iphoneos;
				VALIDATE_PRODUCT = YES;
			};
			name = Release;
		};
		1871673C22A76B03001C6B41 /* Debug */ = {
			isa = XCBuildConfiguration;
			buildSettings = {
				ASSETCATALOG_COMPILER_APPICON_NAME = AppIcon;
				CLANG_WARN_OBJC_IMPLICIT_RETAIN_SELF = NO;
				CODE_SIGN_IDENTITY = "iPhone Developer";
				CODE_SIGN_STYLE = Automatic;
				DEVELOPMENT_TEAM = HR6T4LQD9T;
				INFOPLIST_FILE = WMZDialog/Info.plist;
				IPHONEOS_DEPLOYMENT_TARGET = 9.0;
				LD_RUNPATH_SEARCH_PATHS = (
					"$(inherited)",
					"@executable_path/Frameworks",
				);
				PRODUCT_BUNDLE_IDENTIFIER = com.WMZDialog;
				PRODUCT_NAME = "$(TARGET_NAME)";
				PROVISIONING_PROFILE_SPECIFIER = "";
				TARGETED_DEVICE_FAMILY = "1,2";
				WARNING_CFLAGS = "-Wno-objc-protocol-method-implementation";
			};
			name = Debug;
		};
		1871673D22A76B03001C6B41 /* Release */ = {
			isa = XCBuildConfiguration;
			buildSettings = {
				ASSETCATALOG_COMPILER_APPICON_NAME = AppIcon;
				CLANG_WARN_OBJC_IMPLICIT_RETAIN_SELF = NO;
				CODE_SIGN_IDENTITY = "iPhone Developer";
				CODE_SIGN_STYLE = Automatic;
				DEVELOPMENT_TEAM = HR6T4LQD9T;
				INFOPLIST_FILE = WMZDialog/Info.plist;
				IPHONEOS_DEPLOYMENT_TARGET = 9.0;
				LD_RUNPATH_SEARCH_PATHS = (
					"$(inherited)",
					"@executable_path/Frameworks",
				);
				PRODUCT_BUNDLE_IDENTIFIER = com.WMZDialog;
				PRODUCT_NAME = "$(TARGET_NAME)";
				PROVISIONING_PROFILE_SPECIFIER = "";
				TARGETED_DEVICE_FAMILY = "1,2";
				WARNING_CFLAGS = "-Wno-objc-protocol-method-implementation";
			};
			name = Release;
		};
		1871673F22A76B03001C6B41 /* Debug */ = {
			isa = XCBuildConfiguration;
			buildSettings = {
				BUNDLE_LOADER = "$(TEST_HOST)";
				CODE_SIGN_STYLE = Automatic;
				DEVELOPMENT_TEAM = HR6T4LQD9T;
				INFOPLIST_FILE = WMZDialogTests/Info.plist;
				LD_RUNPATH_SEARCH_PATHS = (
					"$(inherited)",
					"@executable_path/Frameworks",
					"@loader_path/Frameworks",
				);
				PRODUCT_BUNDLE_IDENTIFIER = com.WMZDialogTests;
				PRODUCT_NAME = "$(TARGET_NAME)";
				TARGETED_DEVICE_FAMILY = "1,2";
				TEST_HOST = "$(BUILT_PRODUCTS_DIR)/WMZDialog.app/WMZDialog";
			};
			name = Debug;
		};
		1871674022A76B03001C6B41 /* Release */ = {
			isa = XCBuildConfiguration;
			buildSettings = {
				BUNDLE_LOADER = "$(TEST_HOST)";
				CODE_SIGN_STYLE = Automatic;
				DEVELOPMENT_TEAM = HR6T4LQD9T;
				INFOPLIST_FILE = WMZDialogTests/Info.plist;
				LD_RUNPATH_SEARCH_PATHS = (
					"$(inherited)",
					"@executable_path/Frameworks",
					"@loader_path/Frameworks",
				);
				PRODUCT_BUNDLE_IDENTIFIER = com.WMZDialogTests;
				PRODUCT_NAME = "$(TARGET_NAME)";
				TARGETED_DEVICE_FAMILY = "1,2";
				TEST_HOST = "$(BUILT_PRODUCTS_DIR)/WMZDialog.app/WMZDialog";
			};
			name = Release;
		};
		1871674222A76B03001C6B41 /* Debug */ = {
			isa = XCBuildConfiguration;
			buildSettings = {
				CODE_SIGN_STYLE = Automatic;
				DEVELOPMENT_TEAM = HR6T4LQD9T;
				INFOPLIST_FILE = WMZDialogUITests/Info.plist;
				LD_RUNPATH_SEARCH_PATHS = (
					"$(inherited)",
					"@executable_path/Frameworks",
					"@loader_path/Frameworks",
				);
				PRODUCT_BUNDLE_IDENTIFIER = com.WMZDialogUITests;
				PRODUCT_NAME = "$(TARGET_NAME)";
				TARGETED_DEVICE_FAMILY = "1,2";
				TEST_TARGET_NAME = WMZDialog;
			};
			name = Debug;
		};
		1871674322A76B03001C6B41 /* Release */ = {
			isa = XCBuildConfiguration;
			buildSettings = {
				CODE_SIGN_STYLE = Automatic;
				DEVELOPMENT_TEAM = HR6T4LQD9T;
				INFOPLIST_FILE = WMZDialogUITests/Info.plist;
				LD_RUNPATH_SEARCH_PATHS = (
					"$(inherited)",
					"@executable_path/Frameworks",
					"@loader_path/Frameworks",
				);
				PRODUCT_BUNDLE_IDENTIFIER = com.WMZDialogUITests;
				PRODUCT_NAME = "$(TARGET_NAME)";
				TARGETED_DEVICE_FAMILY = "1,2";
				TEST_TARGET_NAME = WMZDialog;
			};
			name = Release;
		};
/* End XCBuildConfiguration section */

/* Begin XCConfigurationList section */
		1871670A22A76AFB001C6B41 /* Build configuration list for PBXProject "WMZDialog" */ = {
			isa = XCConfigurationList;
			buildConfigurations = (
				1871673922A76B03001C6B41 /* Debug */,
				1871673A22A76B03001C6B41 /* Release */,
			);
			defaultConfigurationIsVisible = 0;
			defaultConfigurationName = Release;
		};
		1871673B22A76B03001C6B41 /* Build configuration list for PBXNativeTarget "WMZDialog" */ = {
			isa = XCConfigurationList;
			buildConfigurations = (
				1871673C22A76B03001C6B41 /* Debug */,
				1871673D22A76B03001C6B41 /* Release */,
			);
			defaultConfigurationIsVisible = 0;
			defaultConfigurationName = Release;
		};
		1871673E22A76B03001C6B41 /* Build configuration list for PBXNativeTarget "WMZDialogTests" */ = {
			isa = XCConfigurationList;
			buildConfigurations = (
				1871673F22A76B03001C6B41 /* Debug */,
				1871674022A76B03001C6B41 /* Release */,
			);
			defaultConfigurationIsVisible = 0;
			defaultConfigurationName = Release;
		};
		1871674122A76B03001C6B41 /* Build configuration list for PBXNativeTarget "WMZDialogUITests" */ = {
			isa = XCConfigurationList;
			buildConfigurations = (
				1871674222A76B03001C6B41 /* Debug */,
				1871674322A76B03001C6B41 /* Release */,
			);
			defaultConfigurationIsVisible = 0;
			defaultConfigurationName = Release;
		};
/* End XCConfigurationList section */
	};
	rootObject = 1871670722A76AFB001C6B41 /* Project object */;
}
