// !$*UTF8*$!
{
	archiveVersion = 1;
	classes = {
	};
	objectVersion = 50;
	objects = {

/* Begin PBXBuildFile section */
		181DE8AE22D2DE0B005DAE59 /* WMZDialog+Advertisement.m in Sources */ = {isa = PBXBuildFile; fileRef = 181DE8AD22D2DE0B005DAE59 /* WMZDialog+Advertisement.m */; };
		181DE8B122D323E4005DAE59 /* WMZDialog+BuyCar.m in Sources */ = {isa = PBXBuildFile; fileRef = 181DE8B022D323E4005DAE59 /* WMZDialog+BuyCar.m */; };
		181DE8D722D326A7005DAE59 /* MASCompositeConstraint.m in Sources */ = {isa = PBXBuildFile; fileRef = 181DE8B422D326A7005DAE59 /* MASCompositeConstraint.m */; };
		181DE8D822D326A7005DAE59 /* MASConstraint.m in Sources */ = {isa = PBXBuildFile; fileRef = 181DE8B722D326A7005DAE59 /* MASConstraint.m */; };
		181DE8D922D326A7005DAE59 /* MASConstraintMaker.m in Sources */ = {isa = PBXBuildFile; fileRef = 181DE8B922D326A7005DAE59 /* MASConstraintMaker.m */; };
		181DE8DA22D326A7005DAE59 /* MASLayoutConstraint.m in Sources */ = {isa = PBXBuildFile; fileRef = 181DE8BB22D326A7005DAE59 /* MASLayoutConstraint.m */; };
		181DE8DB22D326A7005DAE59 /* MASViewAttribute.m in Sources */ = {isa = PBXBuildFile; fileRef = 181DE8BF22D326A7005DAE59 /* MASViewAttribute.m */; };
		181DE8DC22D326A7005DAE59 /* MASViewConstraint.m in Sources */ = {isa = PBXBuildFile; fileRef = 181DE8C122D326A7005DAE59 /* MASViewConstraint.m */; };
		181DE8DD22D326A7005DAE59 /* NSArray+MASAdditions.m in Sources */ = {isa = PBXBuildFile; fileRef = 181DE8C322D326A7005DAE59 /* NSArray+MASAdditions.m */; };
		181DE8DE22D326A7005DAE59 /* NSLayoutConstraint+MASDebugAdditions.m in Sources */ = {isa = PBXBuildFile; fileRef = 181DE8C622D326A7005DAE59 /* NSLayoutConstraint+MASDebugAdditions.m */; };
		181DE8DF22D326A7005DAE59 /* View+MASAdditions.m in Sources */ = {isa = PBXBuildFile; fileRef = 181DE8C822D326A7005DAE59 /* View+MASAdditions.m */; };
		181DE8E022D326A7005DAE59 /* ViewController+MASAdditions.m in Sources */ = {isa = PBXBuildFile; fileRef = 181DE8CB22D326A7005DAE59 /* ViewController+MASAdditions.m */; };
		181DE8E122D326A7005DAE59 /* WMZTagBtn.m in Sources */ = {isa = PBXBuildFile; fileRef = 181DE8CE22D326A7005DAE59 /* WMZTagBtn.m */; };
		181DE8E222D326A7005DAE59 /* WMZTagCell.m in Sources */ = {isa = PBXBuildFile; fileRef = 181DE8D022D326A7005DAE59 /* WMZTagCell.m */; };
		181DE8E322D326A7005DAE59 /* WMZTagParam.m in Sources */ = {isa = PBXBuildFile; fileRef = 181DE8D222D326A7005DAE59 /* WMZTagParam.m */; };
		181DE8E422D326A7005DAE59 /* WMZTags.m in Sources */ = {isa = PBXBuildFile; fileRef = 181DE8D422D326A7005DAE59 /* WMZTags.m */; };
		181DE8E522D326A7005DAE59 /* WMZTool.m in Sources */ = {isa = PBXBuildFile; fileRef = 181DE8D622D326A7005DAE59 /* WMZTool.m */; };
		181DE8EB22D33096005DAE59 /* tagOneCell.m in Sources */ = {isa = PBXBuildFile; fileRef = 181DE8E922D33095005DAE59 /* tagOneCell.m */; };
		181F17FF22C0668D00B422CD /* WMZDialog+time.m in Sources */ = {isa = PBXBuildFile; fileRef = 181F17FE22C0668D00B422CD /* WMZDialog+time.m */; };
		181F180222C06F4300B422CD /* WMZDialog+PopView.m in Sources */ = {isa = PBXBuildFile; fileRef = 181F180122C06F4300B422CD /* WMZDialog+PopView.m */; };
		181F180522C1CC1200B422CD /* WMZDialog+Down.m in Sources */ = {isa = PBXBuildFile; fileRef = 181F180422C1CC1200B422CD /* WMZDialog+Down.m */; };
		181F180822C5F8BF00B422CD /* WMZDialog+MenusSelect.m in Sources */ = {isa = PBXBuildFile; fileRef = 181F180722C5F8BF00B422CD /* WMZDialog+MenusSelect.m */; };
		184C26662303B24100679FCA /* WMZDialog+Location.m in Sources */ = {isa = PBXBuildFile; fileRef = 184C26652303B24100679FCA /* WMZDialog+Location.m */; };
		184C266C2303DBC200679FCA /* province_data.xml in Resources */ = {isa = PBXBuildFile; fileRef = 184C266B2303DBC200679FCA /* province_data.xml */; };
		184C266F23040E6E00679FCA /* WMZDialog+DatePicker.m in Sources */ = {isa = PBXBuildFile; fileRef = 184C266E23040E6E00679FCA /* WMZDialog+DatePicker.m */; };
		184C26842305439C00679FCA /* BuyCarVC.m in Sources */ = {isa = PBXBuildFile; fileRef = 184C267B2305439C00679FCA /* BuyCarVC.m */; };
		184C26852305439C00679FCA /* DateTimeVC.m in Sources */ = {isa = PBXBuildFile; fileRef = 184C267D2305439C00679FCA /* DateTimeVC.m */; };
		184C26862305439C00679FCA /* LocationVC.m in Sources */ = {isa = PBXBuildFile; fileRef = 184C267F2305439C00679FCA /* LocationVC.m */; };
		184C26872305439C00679FCA /* MenusSelectVC.m in Sources */ = {isa = PBXBuildFile; fileRef = 184C26812305439C00679FCA /* MenusSelectVC.m */; };
		184C26882305439C00679FCA /* ViewController.m in Sources */ = {isa = PBXBuildFile; fileRef = 184C26832305439C00679FCA /* ViewController.m */; };
		184C26CE2306691800679FCA /* DownVC.m in Sources */ = {isa = PBXBuildFile; fileRef = 184C26CD2306691800679FCA /* DownVC.m */; };
		1871671422A76AFB001C6B41 /* AppDelegate.m in Sources */ = {isa = PBXBuildFile; fileRef = 1871671322A76AFB001C6B41 /* AppDelegate.m */; };
		1871671A22A76AFB001C6B41 /* Main.storyboard in Resources */ = {isa = PBXBuildFile; fileRef = 1871671822A76AFB001C6B41 /* Main.storyboard */; };
		1871671C22A76B03001C6B41 /* Assets.xcassets in Resources */ = {isa = PBXBuildFile; fileRef = 1871671B22A76B03001C6B41 /* Assets.xcassets */; };
		1871671F22A76B03001C6B41 /* LaunchScreen.storyboard in Resources */ = {isa = PBXBuildFile; fileRef = 1871671D22A76B03001C6B41 /* LaunchScreen.storyboard */; };
		1871672222A76B03001C6B41 /* main.m in Sources */ = {isa = PBXBuildFile; fileRef = 1871672122A76B03001C6B41 /* main.m */; };
		1871672C22A76B03001C6B41 /* WMZDialogTests.m in Sources */ = {isa = PBXBuildFile; fileRef = 1871672B22A76B03001C6B41 /* WMZDialogTests.m */; };
		1871673722A76B03001C6B41 /* WMZDialogUITests.m in Sources */ = {isa = PBXBuildFile; fileRef = 1871673622A76B03001C6B41 /* WMZDialogUITests.m */; };
		1871674722A76C12001C6B41 /* WMZDialog.m in Sources */ = {isa = PBXBuildFile; fileRef = 1871674622A76C12001C6B41 /* WMZDialog.m */; };
		1871674E22A76F80001C6B41 /* WMZDialogTool.m in Sources */ = {isa = PBXBuildFile; fileRef = 1871674D22A76F80001C6B41 /* WMZDialogTool.m */; };
		1871675422A76FDE001C6B41 /* WMZDialog+AutoDisappear.m in Sources */ = {isa = PBXBuildFile; fileRef = 1871675322A76FDE001C6B41 /* WMZDialog+AutoDisappear.m */; };
		1871675B22A7AC4C001C6B41 /* WMZDialog+Normal.m in Sources */ = {isa = PBXBuildFile; fileRef = 1871675A22A7AC4C001C6B41 /* WMZDialog+Normal.m */; };
		1871676722A919AD001C6B41 /* WMZDialog+Pay.m in Sources */ = {isa = PBXBuildFile; fileRef = 1871676622A919AD001C6B41 /* WMZDialog+Pay.m */; };
		18C1E04722BCBE900043FF73 /* WMZDiaLogBase.m in Sources */ = {isa = PBXBuildFile; fileRef = 18C1E04622BCBE900043FF73 /* WMZDiaLogBase.m */; };
		18E0D3DB22BA2509005C94EB /* WMZDialog+Write.m in Sources */ = {isa = PBXBuildFile; fileRef = 18E0D3DA22BA2509005C94EB /* WMZDialog+Write.m */; };
		18E0D3DE22BB6C10005C94EB /* WMZDialog+Select.m in Sources */ = {isa = PBXBuildFile; fileRef = 18E0D3DD22BB6C10005C94EB /* WMZDialog+Select.m */; };
		18E0D3E122BB8567005C94EB /* WMZDialog+PickView.m in Sources */ = {isa = PBXBuildFile; fileRef = 18E0D3E022BB8567005C94EB /* WMZDialog+PickView.m */; };
		18E0D3E422BCABF7005C94EB /* WMZDialog+Sheet.m in Sources */ = {isa = PBXBuildFile; fileRef = 18E0D3E322BCABF7005C94EB /* WMZDialog+Sheet.m */; };
		18EE45E822AE2CE7008C93E6 /* WMZDialog+Share.m in Sources */ = {isa = PBXBuildFile; fileRef = 18EE45E722AE2CE7008C93E6 /* WMZDialog+Share.m */; };
/* End PBXBuildFile section */

/* Begin PBXContainerItemProxy section */
		1871672822A76B03001C6B41 /* PBXContainerItemProxy */ = {
			isa = PBXContainerItemProxy;
			containerPortal = 1871670722A76AFB001C6B41 /* Project object */;
			proxyType = 1;
			remoteGlobalIDString = 1871670E22A76AFB001C6B41;
			remoteInfo = WMZDialog;
		};
		1871673322A76B03001C6B41 /* PBXContainerItemProxy */ = {
			isa = PBXContainerItemProxy;
			containerPortal = 1871670722A76AFB001C6B41 /* Project object */;
			proxyType = 1;
			remoteGlobalIDString = 1871670E22A76AFB001C6B41;
			remoteInfo = WMZDialog;
		};
/* End PBXContainerItemProxy section */

/* Begin PBXFileReference section */
		181DE8AC22D2DE0B005DAE59 /* WMZDialog+Advertisement.h */ = {isa = PBXFileReference; lastKnownFileType = sourcecode.c.h; path = "WMZDialog+Advertisement.h"; sourceTree = "<group>"; };
		181DE8AD22D2DE0B005DAE59 /* WMZDialog+Advertisement.m */ = {isa = PBXFileReference; lastKnownFileType = sourcecode.c.objc; path = "WMZDialog+Advertisement.m"; sourceTree = "<group>"; };
		181DE8AF22D323E4005DAE59 /* WMZDialog+BuyCar.h */ = {isa = PBXFileReference; lastKnownFileType = sourcecode.c.h; path = "WMZDialog+BuyCar.h"; sourceTree = "<group>"; };
		181DE8B022D323E4005DAE59 /* WMZDialog+BuyCar.m */ = {isa = PBXFileReference; lastKnownFileType = sourcecode.c.objc; path = "WMZDialog+BuyCar.m"; sourceTree = "<group>"; };
		181DE8B322D326A7005DAE59 /* MASCompositeConstraint.h */ = {isa = PBXFileReference; fileEncoding = 4; lastKnownFileType = sourcecode.c.h; path = MASCompositeConstraint.h; sourceTree = "<group>"; };
		181DE8B422D326A7005DAE59 /* MASCompositeConstraint.m */ = {isa = PBXFileReference; fileEncoding = 4; lastKnownFileType = sourcecode.c.objc; path = MASCompositeConstraint.m; sourceTree = "<group>"; };
		181DE8B522D326A7005DAE59 /* MASConstraint+Private.h */ = {isa = PBXFileReference; fileEncoding = 4; lastKnownFileType = sourcecode.c.h; path = "MASConstraint+Private.h"; sourceTree = "<group>"; };
		181DE8B622D326A7005DAE59 /* MASConstraint.h */ = {isa = PBXFileReference; fileEncoding = 4; lastKnownFileType = sourcecode.c.h; path = MASConstraint.h; sourceTree = "<group>"; };
		181DE8B722D326A7005DAE59 /* MASConstraint.m */ = {isa = PBXFileReference; fileEncoding = 4; lastKnownFileType = sourcecode.c.objc; path = MASConstraint.m; sourceTree = "<group>"; };
		181DE8B822D326A7005DAE59 /* MASConstraintMaker.h */ = {isa = PBXFileReference; fileEncoding = 4; lastKnownFileType = sourcecode.c.h; path = MASConstraintMaker.h; sourceTree = "<group>"; };
		181DE8B922D326A7005DAE59 /* MASConstraintMaker.m */ = {isa = PBXFileReference; fileEncoding = 4; lastKnownFileType = sourcecode.c.objc; path = MASConstraintMaker.m; sourceTree = "<group>"; };
		181DE8BA22D326A7005DAE59 /* MASLayoutConstraint.h */ = {isa = PBXFileReference; fileEncoding = 4; lastKnownFileType = sourcecode.c.h; path = MASLayoutConstraint.h; sourceTree = "<group>"; };
		181DE8BB22D326A7005DAE59 /* MASLayoutConstraint.m */ = {isa = PBXFileReference; fileEncoding = 4; lastKnownFileType = sourcecode.c.objc; path = MASLayoutConstraint.m; sourceTree = "<group>"; };
		181DE8BC22D326A7005DAE59 /* Masonry.h */ = {isa = PBXFileReference; fileEncoding = 4; lastKnownFileType = sourcecode.c.h; path = Masonry.h; sourceTree = "<group>"; };
		181DE8BD22D326A7005DAE59 /* MASUtilities.h */ = {isa = PBXFileReference; fileEncoding = 4; lastKnownFileType = sourcecode.c.h; path = MASUtilities.h; sourceTree = "<group>"; };
		181DE8BE22D326A7005DAE59 /* MASViewAttribute.h */ = {isa = PBXFileReference; fileEncoding = 4; lastKnownFileType = sourcecode.c.h; path = MASViewAttribute.h; sourceTree = "<group>"; };
		181DE8BF22D326A7005DAE59 /* MASViewAttribute.m */ = {isa = PBXFileReference; fileEncoding = 4; lastKnownFileType = sourcecode.c.objc; path = MASViewAttribute.m; sourceTree = "<group>"; };
		181DE8C022D326A7005DAE59 /* MASViewConstraint.h */ = {isa = PBXFileReference; fileEncoding = 4; lastKnownFileType = sourcecode.c.h; path = MASViewConstraint.h; sourceTree = "<group>"; };
		181DE8C122D326A7005DAE59 /* MASViewConstraint.m */ = {isa = PBXFileReference; fileEncoding = 4; lastKnownFileType = sourcecode.c.objc; path = MASViewConstraint.m; sourceTree = "<group>"; };
		181DE8C222D326A7005DAE59 /* NSArray+MASAdditions.h */ = {isa = PBXFileReference; fileEncoding = 4; lastKnownFileType = sourcecode.c.h; path = "NSArray+MASAdditions.h"; sourceTree = "<group>"; };
		181DE8C322D326A7005DAE59 /* NSArray+MASAdditions.m */ = {isa = PBXFileReference; fileEncoding = 4; lastKnownFileType = sourcecode.c.objc; path = "NSArray+MASAdditions.m"; sourceTree = "<group>"; };
		181DE8C422D326A7005DAE59 /* NSArray+MASShorthandAdditions.h */ = {isa = PBXFileReference; fileEncoding = 4; lastKnownFileType = sourcecode.c.h; path = "NSArray+MASShorthandAdditions.h"; sourceTree = "<group>"; };
		181DE8C522D326A7005DAE59 /* NSLayoutConstraint+MASDebugAdditions.h */ = {isa = PBXFileReference; fileEncoding = 4; lastKnownFileType = sourcecode.c.h; path = "NSLayoutConstraint+MASDebugAdditions.h"; sourceTree = "<group>"; };
		181DE8C622D326A7005DAE59 /* NSLayoutConstraint+MASDebugAdditions.m */ = {isa = PBXFileReference; fileEncoding = 4; lastKnownFileType = sourcecode.c.objc; path = "NSLayoutConstraint+MASDebugAdditions.m"; sourceTree = "<group>"; };
		181DE8C722D326A7005DAE59 /* View+MASAdditions.h */ = {isa = PBXFileReference; fileEncoding = 4; lastKnownFileType = sourcecode.c.h; path = "View+MASAdditions.h"; sourceTree = "<group>"; };
		181DE8C822D326A7005DAE59 /* View+MASAdditions.m */ = {isa = PBXFileReference; fileEncoding = 4; lastKnownFileType = sourcecode.c.objc; path = "View+MASAdditions.m"; sourceTree = "<group>"; };
		181DE8C922D326A7005DAE59 /* View+MASShorthandAdditions.h */ = {isa = PBXFileReference; fileEncoding = 4; lastKnownFileType = sourcecode.c.h; path = "View+MASShorthandAdditions.h"; sourceTree = "<group>"; };
		181DE8CA22D326A7005DAE59 /* ViewController+MASAdditions.h */ = {isa = PBXFileReference; fileEncoding = 4; lastKnownFileType = sourcecode.c.h; path = "ViewController+MASAdditions.h"; sourceTree = "<group>"; };
		181DE8CB22D326A7005DAE59 /* ViewController+MASAdditions.m */ = {isa = PBXFileReference; fileEncoding = 4; lastKnownFileType = sourcecode.c.objc; path = "ViewController+MASAdditions.m"; sourceTree = "<group>"; };
		181DE8CD22D326A7005DAE59 /* WMZTagBtn.h */ = {isa = PBXFileReference; fileEncoding = 4; lastKnownFileType = sourcecode.c.h; path = WMZTagBtn.h; sourceTree = "<group>"; };
		181DE8CE22D326A7005DAE59 /* WMZTagBtn.m */ = {isa = PBXFileReference; fileEncoding = 4; lastKnownFileType = sourcecode.c.objc; path = WMZTagBtn.m; sourceTree = "<group>"; };
		181DE8CF22D326A7005DAE59 /* WMZTagCell.h */ = {isa = PBXFileReference; fileEncoding = 4; lastKnownFileType = sourcecode.c.h; path = WMZTagCell.h; sourceTree = "<group>"; };
		181DE8D022D326A7005DAE59 /* WMZTagCell.m */ = {isa = PBXFileReference; fileEncoding = 4; lastKnownFileType = sourcecode.c.objc; path = WMZTagCell.m; sourceTree = "<group>"; };
		181DE8D122D326A7005DAE59 /* WMZTagParam.h */ = {isa = PBXFileReference; fileEncoding = 4; lastKnownFileType = sourcecode.c.h; path = WMZTagParam.h; sourceTree = "<group>"; };
		181DE8D222D326A7005DAE59 /* WMZTagParam.m */ = {isa = PBXFileReference; fileEncoding = 4; lastKnownFileType = sourcecode.c.objc; path = WMZTagParam.m; sourceTree = "<group>"; };
		181DE8D322D326A7005DAE59 /* WMZTags.h */ = {isa = PBXFileReference; fileEncoding = 4; lastKnownFileType = sourcecode.c.h; path = WMZTags.h; sourceTree = "<group>"; };
		181DE8D422D326A7005DAE59 /* WMZTags.m */ = {isa = PBXFileReference; fileEncoding = 4; lastKnownFileType = sourcecode.c.objc; path = WMZTags.m; sourceTree = "<group>"; };
		181DE8D522D326A7005DAE59 /* WMZTool.h */ = {isa = PBXFileReference; fileEncoding = 4; lastKnownFileType = sourcecode.c.h; path = WMZTool.h; sourceTree = "<group>"; };
		181DE8D622D326A7005DAE59 /* WMZTool.m */ = {isa = PBXFileReference; fileEncoding = 4; lastKnownFileType = sourcecode.c.objc; path = WMZTool.m; sourceTree = "<group>"; };
		181DE8E922D33095005DAE59 /* tagOneCell.m */ = {isa = PBXFileReference; fileEncoding = 4; lastKnownFileType = sourcecode.c.objc; path = tagOneCell.m; sourceTree = "<group>"; };
		181DE8EA22D33095005DAE59 /* tagOneCell.h */ = {isa = PBXFileReference; fileEncoding = 4; lastKnownFileType = sourcecode.c.h; path = tagOneCell.h; sourceTree = "<group>"; };
		181F17FD22C0668D00B422CD /* WMZDialog+time.h */ = {isa = PBXFileReference; lastKnownFileType = sourcecode.c.h; path = "WMZDialog+time.h"; sourceTree = "<group>"; };
		181F17FE22C0668D00B422CD /* WMZDialog+time.m */ = {isa = PBXFileReference; lastKnownFileType = sourcecode.c.objc; path = "WMZDialog+time.m"; sourceTree = "<group>"; };
		181F180022C06F4300B422CD /* WMZDialog+PopView.h */ = {isa = PBXFileReference; lastKnownFileType = sourcecode.c.h; path = "WMZDialog+PopView.h"; sourceTree = "<group>"; };
		181F180122C06F4300B422CD /* WMZDialog+PopView.m */ = {isa = PBXFileReference; lastKnownFileType = sourcecode.c.objc; path = "WMZDialog+PopView.m"; sourceTree = "<group>"; };
		181F180322C1CC1200B422CD /* WMZDialog+Down.h */ = {isa = PBXFileReference; lastKnownFileType = sourcecode.c.h; path = "WMZDialog+Down.h"; sourceTree = "<group>"; };
		181F180422C1CC1200B422CD /* WMZDialog+Down.m */ = {isa = PBXFileReference; lastKnownFileType = sourcecode.c.objc; path = "WMZDialog+Down.m"; sourceTree = "<group>"; };
		181F180622C5F8BF00B422CD /* WMZDialog+MenusSelect.h */ = {isa = PBXFileReference; lastKnownFileType = sourcecode.c.h; path = "WMZDialog+MenusSelect.h"; sourceTree = "<group>"; };
		181F180722C5F8BF00B422CD /* WMZDialog+MenusSelect.m */ = {isa = PBXFileReference; lastKnownFileType = sourcecode.c.objc; path = "WMZDialog+MenusSelect.m"; sourceTree = "<group>"; };
		184C26642303B24100679FCA /* WMZDialog+Location.h */ = {isa = PBXFileReference; lastKnownFileType = sourcecode.c.h; path = "WMZDialog+Location.h"; sourceTree = "<group>"; };
		184C26652303B24100679FCA /* WMZDialog+Location.m */ = {isa = PBXFileReference; lastKnownFileType = sourcecode.c.objc; path = "WMZDialog+Location.m"; sourceTree = "<group>"; };
		184C266B2303DBC200679FCA /* province_data.xml */ = {isa = PBXFileReference; fileEncoding = 4; lastKnownFileType = text.xml; path = province_data.xml; sourceTree = "<group>"; };
		184C266D23040E6E00679FCA /* WMZDialog+DatePicker.h */ = {isa = PBXFileReference; lastKnownFileType = sourcecode.c.h; path = "WMZDialog+DatePicker.h"; sourceTree = "<group>"; };
		184C266E23040E6E00679FCA /* WMZDialog+DatePicker.m */ = {isa = PBXFileReference; lastKnownFileType = sourcecode.c.objc; path = "WMZDialog+DatePicker.m"; sourceTree = "<group>"; };
		184C267A2305439C00679FCA /* BuyCarVC.h */ = {isa = PBXFileReference; fileEncoding = 4; lastKnownFileType = sourcecode.c.h; path = BuyCarVC.h; sourceTree = "<group>"; };
		184C267B2305439C00679FCA /* BuyCarVC.m */ = {isa = PBXFileReference; fileEncoding = 4; lastKnownFileType = sourcecode.c.objc; path = BuyCarVC.m; sourceTree = "<group>"; };
		184C267C2305439C00679FCA /* DateTimeVC.h */ = {isa = PBXFileReference; fileEncoding = 4; lastKnownFileType = sourcecode.c.h; path = DateTimeVC.h; sourceTree = "<group>"; };
		184C267D2305439C00679FCA /* DateTimeVC.m */ = {isa = PBXFileReference; fileEncoding = 4; lastKnownFileType = sourcecode.c.objc; path = DateTimeVC.m; sourceTree = "<group>"; };
		184C267E2305439C00679FCA /* LocationVC.h */ = {isa = PBXFileReference; fileEncoding = 4; lastKnownFileType = sourcecode.c.h; path = LocationVC.h; sourceTree = "<group>"; };
		184C267F2305439C00679FCA /* LocationVC.m */ = {isa = PBXFileReference; fileEncoding = 4; lastKnownFileType = sourcecode.c.objc; path = LocationVC.m; sourceTree = "<group>"; };
		184C26802305439C00679FCA /* MenusSelectVC.h */ = {isa = PBXFileReference; fileEncoding = 4; lastKnownFileType = sourcecode.c.h; path = MenusSelectVC.h; sourceTree = "<group>"; };
		184C26812305439C00679FCA /* MenusSelectVC.m */ = {isa = PBXFileReference; fileEncoding = 4; lastKnownFileType = sourcecode.c.objc; path = MenusSelectVC.m; sourceTree = "<group>"; };
		184C26822305439C00679FCA /* ViewController.h */ = {isa = PBXFileReference; fileEncoding = 4; lastKnownFileType = sourcecode.c.h; path = ViewController.h; sourceTree = "<group>"; };
		184C26832305439C00679FCA /* ViewController.m */ = {isa = PBXFileReference; fileEncoding = 4; lastKnownFileType = sourcecode.c.objc; path = ViewController.m; sourceTree = "<group>"; };
		184C26CC2306691800679FCA /* DownVC.h */ = {isa = PBXFileReference; lastKnownFileType = sourcecode.c.h; path = DownVC.h; sourceTree = "<group>"; };
		184C26CD2306691800679FCA /* DownVC.m */ = {isa = PBXFileReference; lastKnownFileType = sourcecode.c.objc; path = DownVC.m; sourceTree = "<group>"; };
		1871670F22A76AFB001C6B41 /* WMZDialog.app */ = {isa = PBXFileReference; explicitFileType = wrapper.application; includeInIndex = 0; path = WMZDialog.app; sourceTree = BUILT_PRODUCTS_DIR; };
		1871671222A76AFB001C6B41 /* AppDelegate.h */ = {isa = PBXFileReference; lastKnownFileType = sourcecode.c.h; path = AppDelegate.h; sourceTree = "<group>"; };
		1871671322A76AFB001C6B41 /* AppDelegate.m */ = {isa = PBXFileReference; lastKnownFileType = sourcecode.c.objc; path = AppDelegate.m; sourceTree = "<group>"; };
		1871671922A76AFB001C6B41 /* Base */ = {isa = PBXFileReference; lastKnownFileType = file.storyboard; name = Base; path = Base.lproj/Main.storyboard; sourceTree = "<group>"; };
		1871671B22A76B03001C6B41 /* Assets.xcassets */ = {isa = PBXFileReference; lastKnownFileType = folder.assetcatalog; path = Assets.xcassets; sourceTree = "<group>"; };
		1871671E22A76B03001C6B41 /* Base */ = {isa = PBXFileReference; lastKnownFileType = file.storyboard; name = Base; path = Base.lproj/LaunchScreen.storyboard; sourceTree = "<group>"; };
		1871672022A76B03001C6B41 /* Info.plist */ = {isa = PBXFileReference; lastKnownFileType = text.plist.xml; path = Info.plist; sourceTree = "<group>"; };
		1871672122A76B03001C6B41 /* main.m */ = {isa = PBXFileReference; lastKnownFileType = sourcecode.c.objc; path = main.m; sourceTree = "<group>"; };
		1871672722A76B03001C6B41 /* WMZDialogTests.xctest */ = {isa = PBXFileReference; explicitFileType = wrapper.cfbundle; includeInIndex = 0; path = WMZDialogTests.xctest; sourceTree = BUILT_PRODUCTS_DIR; };
		1871672B22A76B03001C6B41 /* WMZDialogTests.m */ = {isa = PBXFileReference; lastKnownFileType = sourcecode.c.objc; path = WMZDialogTests.m; sourceTree = "<group>"; };
		1871672D22A76B03001C6B41 /* Info.plist */ = {isa = PBXFileReference; lastKnownFileType = text.plist.xml; path = Info.plist; sourceTree = "<group>"; };
		1871673222A76B03001C6B41 /* WMZDialogUITests.xctest */ = {isa = PBXFileReference; explicitFileType = wrapper.cfbundle; includeInIndex = 0; path = WMZDialogUITests.xctest; sourceTree = BUILT_PRODUCTS_DIR; };
		1871673622A76B03001C6B41 /* WMZDialogUITests.m */ = {isa = PBXFileReference; lastKnownFileType = sourcecode.c.objc; path = WMZDialogUITests.m; sourceTree = "<group>"; };
		1871673822A76B03001C6B41 /* Info.plist */ = {isa = PBXFileReference; lastKnownFileType = text.plist.xml; path = Info.plist; sourceTree = "<group>"; };
		1871674522A76C12001C6B41 /* WMZDialog.h */ = {isa = PBXFileReference; lastKnownFileType = sourcecode.c.h; path = WMZDialog.h; sourceTree = "<group>"; };
		1871674622A76C12001C6B41 /* WMZDialog.m */ = {isa = PBXFileReference; lastKnownFileType = sourcecode.c.objc; path = WMZDialog.m; sourceTree = "<group>"; };
		1871674B22A76D7B001C6B41 /* WMZDialogMacro.h */ = {isa = PBXFileReference; lastKnownFileType = sourcecode.c.h; path = WMZDialogMacro.h; sourceTree = "<group>"; };
		1871674C22A76F80001C6B41 /* WMZDialogTool.h */ = {isa = PBXFileReference; lastKnownFileType = sourcecode.c.h; path = WMZDialogTool.h; sourceTree = "<group>"; };
		1871674D22A76F80001C6B41 /* WMZDialogTool.m */ = {isa = PBXFileReference; lastKnownFileType = sourcecode.c.objc; path = WMZDialogTool.m; sourceTree = "<group>"; };
		1871675222A76FDE001C6B41 /* WMZDialog+AutoDisappear.h */ = {isa = PBXFileReference; lastKnownFileType = sourcecode.c.h; path = "WMZDialog+AutoDisappear.h"; sourceTree = "<group>"; };
		1871675322A76FDE001C6B41 /* WMZDialog+AutoDisappear.m */ = {isa = PBXFileReference; lastKnownFileType = sourcecode.c.objc; path = "WMZDialog+AutoDisappear.m"; sourceTree = "<group>"; };
		1871675922A7AC4C001C6B41 /* WMZDialog+Normal.h */ = {isa = PBXFileReference; lastKnownFileType = sourcecode.c.h; path = "WMZDialog+Normal.h"; sourceTree = "<group>"; };
		1871675A22A7AC4C001C6B41 /* WMZDialog+Normal.m */ = {isa = PBXFileReference; lastKnownFileType = sourcecode.c.objc; path = "WMZDialog+Normal.m"; sourceTree = "<group>"; };
		1871676522A919AD001C6B41 /* WMZDialog+Pay.h */ = {isa = PBXFileReference; lastKnownFileType = sourcecode.c.h; path = "WMZDialog+Pay.h"; sourceTree = "<group>"; };
		1871676622A919AD001C6B41 /* WMZDialog+Pay.m */ = {isa = PBXFileReference; lastKnownFileType = sourcecode.c.objc; path = "WMZDialog+Pay.m"; sourceTree = "<group>"; };
		18C1E04522BCBE900043FF73 /* WMZDiaLogBase.h */ = {isa = PBXFileReference; lastKnownFileType = sourcecode.c.h; path = WMZDiaLogBase.h; sourceTree = "<group>"; };
		18C1E04622BCBE900043FF73 /* WMZDiaLogBase.m */ = {isa = PBXFileReference; lastKnownFileType = sourcecode.c.objc; path = WMZDiaLogBase.m; sourceTree = "<group>"; };
		18E0D3D922BA2509005C94EB /* WMZDialog+Write.h */ = {isa = PBXFileReference; lastKnownFileType = sourcecode.c.h; path = "WMZDialog+Write.h"; sourceTree = "<group>"; };
		18E0D3DA22BA2509005C94EB /* WMZDialog+Write.m */ = {isa = PBXFileReference; lastKnownFileType = sourcecode.c.objc; path = "WMZDialog+Write.m"; sourceTree = "<group>"; };
		18E0D3DC22BB6C10005C94EB /* WMZDialog+Select.h */ = {isa = PBXFileReference; lastKnownFileType = sourcecode.c.h; path = "WMZDialog+Select.h"; sourceTree = "<group>"; };
		18E0D3DD22BB6C10005C94EB /* WMZDialog+Select.m */ = {isa = PBXFileReference; lastKnownFileType = sourcecode.c.objc; path = "WMZDialog+Select.m"; sourceTree = "<group>"; };
		18E0D3DF22BB8567005C94EB /* WMZDialog+PickView.h */ = {isa = PBXFileReference; lastKnownFileType = sourcecode.c.h; path = "WMZDialog+PickView.h"; sourceTree = "<group>"; };
		18E0D3E022BB8567005C94EB /* WMZDialog+PickView.m */ = {isa = PBXFileReference; lastKnownFileType = sourcecode.c.objc; path = "WMZDialog+PickView.m"; sourceTree = "<group>"; };
		18E0D3E222BCABF7005C94EB /* WMZDialog+Sheet.h */ = {isa = PBXFileReference; lastKnownFileType = sourcecode.c.h; path = "WMZDialog+Sheet.h"; sourceTree = "<group>"; };
		18E0D3E322BCABF7005C94EB /* WMZDialog+Sheet.m */ = {isa = PBXFileReference; lastKnownFileType = sourcecode.c.objc; path = "WMZDialog+Sheet.m"; sourceTree = "<group>"; };
		18EE45E622AE2CE7008C93E6 /* WMZDialog+Share.h */ = {isa = PBXFileReference; lastKnownFileType = sourcecode.c.h; path = "WMZDialog+Share.h"; sourceTree = "<group>"; };
		18EE45E722AE2CE7008C93E6 /* WMZDialog+Share.m */ = {isa = PBXFileReference; lastKnownFileType = sourcecode.c.objc; path = "WMZDialog+Share.m"; sourceTree = "<group>"; };
/* End PBXFileReference section */

/* Begin PBXFrameworksBuildPhase section */
		1871670C22A76AFB001C6B41 /* Frameworks */ = {
			isa = PBXFrameworksBuildPhase;
			buildActionMask = 2147483647;
			files = (
			);
			runOnlyForDeploymentPostprocessing = 0;
		};
		1871672422A76B03001C6B41 /* Frameworks */ = {
			isa = PBXFrameworksBuildPhase;
			buildActionMask = 2147483647;
			files = (
			);
			runOnlyForDeploymentPostprocessing = 0;
		};
		1871672F22A76B03001C6B41 /* Frameworks */ = {
			isa = PBXFrameworksBuildPhase;
			buildActionMask = 2147483647;
			files = (
			);
			runOnlyForDeploymentPostprocessing = 0;
		};
/* End PBXFrameworksBuildPhase section */

/* Begin PBXGroup section */
		181DE8B222D326A7005DAE59 /* Masonry */ = {
			isa = PBXGroup;
			children = (
				181DE8B322D326A7005DAE59 /* MASCompositeConstraint.h */,
				181DE8B422D326A7005DAE59 /* MASCompositeConstraint.m */,
				181DE8B522D326A7005DAE59 /* MASConstraint+Private.h */,
				181DE8B622D326A7005DAE59 /* MASConstraint.h */,
				181DE8B722D326A7005DAE59 /* MASConstraint.m */,
				181DE8B822D326A7005DAE59 /* MASConstraintMaker.h */,
				181DE8B922D326A7005DAE59 /* MASConstraintMaker.m */,
				181DE8BA22D326A7005DAE59 /* MASLayoutConstraint.h */,
				181DE8BB22D326A7005DAE59 /* MASLayoutConstraint.m */,
				181DE8BC22D326A7005DAE59 /* Masonry.h */,
				181DE8BD22D326A7005DAE59 /* MASUtilities.h */,
				181DE8BE22D326A7005DAE59 /* MASViewAttribute.h */,
				181DE8BF22D326A7005DAE59 /* MASViewAttribute.m */,
				181DE8C022D326A7005DAE59 /* MASViewConstraint.h */,
				181DE8C122D326A7005DAE59 /* MASViewConstraint.m */,
				181DE8C222D326A7005DAE59 /* NSArray+MASAdditions.h */,
				181DE8C322D326A7005DAE59 /* NSArray+MASAdditions.m */,
				181DE8C422D326A7005DAE59 /* NSArray+MASShorthandAdditions.h */,
				181DE8C522D326A7005DAE59 /* NSLayoutConstraint+MASDebugAdditions.h */,
				181DE8C622D326A7005DAE59 /* NSLayoutConstraint+MASDebugAdditions.m */,
				181DE8C722D326A7005DAE59 /* View+MASAdditions.h */,
				181DE8C822D326A7005DAE59 /* View+MASAdditions.m */,
				181DE8C922D326A7005DAE59 /* View+MASShorthandAdditions.h */,
				181DE8CA22D326A7005DAE59 /* ViewController+MASAdditions.h */,
				181DE8CB22D326A7005DAE59 /* ViewController+MASAdditions.m */,
			);
			path = Masonry;
			sourceTree = "<group>";
		};
		181DE8CC22D326A7005DAE59 /* WMZTags */ = {
			isa = PBXGroup;
			children = (
				181DE8EA22D33095005DAE59 /* tagOneCell.h */,
				181DE8E922D33095005DAE59 /* tagOneCell.m */,
				181DE8CD22D326A7005DAE59 /* WMZTagBtn.h */,
				181DE8CE22D326A7005DAE59 /* WMZTagBtn.m */,
				181DE8CF22D326A7005DAE59 /* WMZTagCell.h */,
				181DE8D022D326A7005DAE59 /* WMZTagCell.m */,
				181DE8D122D326A7005DAE59 /* WMZTagParam.h */,
				181DE8D222D326A7005DAE59 /* WMZTagParam.m */,
				181DE8D322D326A7005DAE59 /* WMZTags.h */,
				181DE8D422D326A7005DAE59 /* WMZTags.m */,
				181DE8D522D326A7005DAE59 /* WMZTool.h */,
				181DE8D622D326A7005DAE59 /* WMZTool.m */,
			);
			path = WMZTags;
			sourceTree = "<group>";
		};
		184C26792305439C00679FCA /* Demo */ = {
			isa = PBXGroup;
			children = (
				184C267A2305439C00679FCA /* BuyCarVC.h */,
				184C267B2305439C00679FCA /* BuyCarVC.m */,
				184C267C2305439C00679FCA /* DateTimeVC.h */,
				184C267D2305439C00679FCA /* DateTimeVC.m */,
				184C267E2305439C00679FCA /* LocationVC.h */,
				184C267F2305439C00679FCA /* LocationVC.m */,
				184C26802305439C00679FCA /* MenusSelectVC.h */,
				184C26812305439C00679FCA /* MenusSelectVC.m */,
				184C26CC2306691800679FCA /* DownVC.h */,
				184C26CD2306691800679FCA /* DownVC.m */,
				184C26822305439C00679FCA /* ViewController.h */,
				184C26832305439C00679FCA /* ViewController.m */,
			);
			path = Demo;
			sourceTree = "<group>";
		};
		1871670622A76AFB001C6B41 = {
			isa = PBXGroup;
			children = (
				1871671122A76AFB001C6B41 /* WMZDialog */,
				1871672A22A76B03001C6B41 /* WMZDialogTests */,
				1871673522A76B03001C6B41 /* WMZDialogUITests */,
				1871671022A76AFB001C6B41 /* Products */,
			);
			sourceTree = "<group>";
		};
		1871671022A76AFB001C6B41 /* Products */ = {
			isa = PBXGroup;
			children = (
				1871670F22A76AFB001C6B41 /* WMZDialog.app */,
				1871672722A76B03001C6B41 /* WMZDialogTests.xctest */,
				1871673222A76B03001C6B41 /* WMZDialogUITests.xctest */,
			);
			name = Products;
			sourceTree = "<group>";
		};
		1871671122A76AFB001C6B41 /* WMZDialog */ = {
			isa = PBXGroup;
			children = (
				181DE8B222D326A7005DAE59 /* Masonry */,
				184C26792305439C00679FCA /* Demo */,
				181DE8CC22D326A7005DAE59 /* WMZTags */,
				1871674422A76B9A001C6B41 /* WMZDialog */,
				1871671222A76AFB001C6B41 /* AppDelegate.h */,
				1871671322A76AFB001C6B41 /* AppDelegate.m */,
				1871671822A76AFB001C6B41 /* Main.storyboard */,
				1871671B22A76B03001C6B41 /* Assets.xcassets */,
				1871671D22A76B03001C6B41 /* LaunchScreen.storyboard */,
				1871672022A76B03001C6B41 /* Info.plist */,
				1871672122A76B03001C6B41 /* main.m */,
			);
			path = WMZDialog;
			sourceTree = "<group>";
		};
		1871672A22A76B03001C6B41 /* WMZDialogTests */ = {
			isa = PBXGroup;
			children = (
				1871672B22A76B03001C6B41 /* WMZDialogTests.m */,
				1871672D22A76B03001C6B41 /* Info.plist */,
			);
			path = WMZDialogTests;
			sourceTree = "<group>";
		};
		1871673522A76B03001C6B41 /* WMZDialogUITests */ = {
			isa = PBXGroup;
			children = (
				1871673622A76B03001C6B41 /* WMZDialogUITests.m */,
				1871673822A76B03001C6B41 /* Info.plist */,
			);
			path = WMZDialogUITests;
			sourceTree = "<group>";
		};
		1871674422A76B9A001C6B41 /* WMZDialog */ = {
			isa = PBXGroup;
			children = (
				1871674522A76C12001C6B41 /* WMZDialog.h */,
				1871674622A76C12001C6B41 /* WMZDialog.m */,
				18C1E04522BCBE900043FF73 /* WMZDiaLogBase.h */,
				18C1E04622BCBE900043FF73 /* WMZDiaLogBase.m */,
				1871674B22A76D7B001C6B41 /* WMZDialogMacro.h */,
				1871674C22A76F80001C6B41 /* WMZDialogTool.h */,
				1871674D22A76F80001C6B41 /* WMZDialogTool.m */,
				1871675922A7AC4C001C6B41 /* WMZDialog+Normal.h */,
				1871675A22A7AC4C001C6B41 /* WMZDialog+Normal.m */,
				18E0D3E222BCABF7005C94EB /* WMZDialog+Sheet.h */,
				18E0D3E322BCABF7005C94EB /* WMZDialog+Sheet.m */,
				1871675222A76FDE001C6B41 /* WMZDialog+AutoDisappear.h */,
				1871675322A76FDE001C6B41 /* WMZDialog+AutoDisappear.m */,
				1871676522A919AD001C6B41 /* WMZDialog+Pay.h */,
				1871676622A919AD001C6B41 /* WMZDialog+Pay.m */,
				18EE45E622AE2CE7008C93E6 /* WMZDialog+Share.h */,
				18EE45E722AE2CE7008C93E6 /* WMZDialog+Share.m */,
				18E0D3D922BA2509005C94EB /* WMZDialog+Write.h */,
				18E0D3DA22BA2509005C94EB /* WMZDialog+Write.m */,
				18E0D3DC22BB6C10005C94EB /* WMZDialog+Select.h */,
				18E0D3DD22BB6C10005C94EB /* WMZDialog+Select.m */,
				18E0D3DF22BB8567005C94EB /* WMZDialog+PickView.h */,
				18E0D3E022BB8567005C94EB /* WMZDialog+PickView.m */,
				181F17FD22C0668D00B422CD /* WMZDialog+time.h */,
				181F17FE22C0668D00B422CD /* WMZDialog+time.m */,
				181F180022C06F4300B422CD /* WMZDialog+PopView.h */,
				181F180122C06F4300B422CD /* WMZDialog+PopView.m */,
				181F180322C1CC1200B422CD /* WMZDialog+Down.h */,
				181F180422C1CC1200B422CD /* WMZDialog+Down.m */,
				181F180622C5F8BF00B422CD /* WMZDialog+MenusSelect.h */,
				181F180722C5F8BF00B422CD /* WMZDialog+MenusSelect.m */,
				181DE8AC22D2DE0B005DAE59 /* WMZDialog+Advertisement.h */,
				181DE8AD22D2DE0B005DAE59 /* WMZDialog+Advertisement.m */,
				181DE8AF22D323E4005DAE59 /* WMZDialog+BuyCar.h */,
				181DE8B022D323E4005DAE59 /* WMZDialog+BuyCar.m */,
				184C26642303B24100679FCA /* WMZDialog+Location.h */,
				184C26652303B24100679FCA /* WMZDialog+Location.m */,
				184C266D23040E6E00679FCA /* WMZDialog+DatePicker.h */,
				184C266E23040E6E00679FCA /* WMZDialog+DatePicker.m */,
				184C266B2303DBC200679FCA /* province_data.xml */,
			);
			path = WMZDialog;
			sourceTree = "<group>";
		};
/* End PBXGroup section */

/* Begin PBXNativeTarget section */
		1871670E22A76AFB001C6B41 /* WMZDialog */ = {
			isa = PBXNativeTarget;
			buildConfigurationList = 1871673B22A76B03001C6B41 /* Build configuration list for PBXNativeTarget "WMZDialog" */;
			buildPhases = (
				1871670B22A76AFB001C6B41 /* Sources */,
				1871670C22A76AFB001C6B41 /* Frameworks */,
				1871670D22A76AFB001C6B41 /* Resources */,
			);
			buildRules = (
			);
			dependencies = (
			);
			name = WMZDialog;
			productName = WMZDialog;
			productReference = 1871670F22A76AFB001C6B41 /* WMZDialog.app */;
			productType = "com.apple.product-type.application";
		};
		1871672622A76B03001C6B41 /* WMZDialogTests */ = {
			isa = PBXNativeTarget;
			buildConfigurationList = 1871673E22A76B03001C6B41 /* Build configuration list for PBXNativeTarget "WMZDialogTests" */;
			buildPhases = (
				1871672322A76B03001C6B41 /* Sources */,
				1871672422A76B03001C6B41 /* Frameworks */,
				1871672522A76B03001C6B41 /* Resources */,
			);
			buildRules = (
			);
			dependencies = (
				1871672922A76B03001C6B41 /* PBXTargetDependency */,
			);
			name = WMZDialogTests;
			productName = WMZDialogTests;
			productReference = 1871672722A76B03001C6B41 /* WMZDialogTests.xctest */;
			productType = "com.apple.product-type.bundle.unit-test";
		};
		1871673122A76B03001C6B41 /* WMZDialogUITests */ = {
			isa = PBXNativeTarget;
			buildConfigurationList = 1871674122A76B03001C6B41 /* Build configuration list for PBXNativeTarget "WMZDialogUITests" */;
			buildPhases = (
				1871672E22A76B03001C6B41 /* Sources */,
				1871672F22A76B03001C6B41 /* Frameworks */,
				1871673022A76B03001C6B41 /* Resources */,
			);
			buildRules = (
			);
			dependencies = (
				1871673422A76B03001C6B41 /* PBXTargetDependency */,
			);
			name = WMZDialogUITests;
			productName = WMZDialogUITests;
			productReference = 1871673222A76B03001C6B41 /* WMZDialogUITests.xctest */;
			productType = "com.apple.product-type.bundle.ui-testing";
		};
/* End PBXNativeTarget section */

/* Begin PBXProject section */
		1871670722A76AFB001C6B41 /* Project object */ = {
			isa = PBXProject;
			attributes = {
				LastUpgradeCheck = 1000;
				ORGANIZATIONNAME = wmz;
				TargetAttributes = {
					1871670E22A76AFB001C6B41 = {
						CreatedOnToolsVersion = 10.0;
					};
					1871672622A76B03001C6B41 = {
						CreatedOnToolsVersion = 10.0;
						TestTargetID = 1871670E22A76AFB001C6B41;
					};
					1871673122A76B03001C6B41 = {
						CreatedOnToolsVersion = 10.0;
						TestTargetID = 1871670E22A76AFB001C6B41;
					};
				};
			};
			buildConfigurationList = 1871670A22A76AFB001C6B41 /* Build configuration list for PBXProject "WMZDialog" */;
			compatibilityVersion = "Xcode 9.3";
			developmentRegion = en;
			hasScannedForEncodings = 0;
			knownRegions = (
				en,
				Base,
			);
			mainGroup = 1871670622A76AFB001C6B41;
			productRefGroup = 1871671022A76AFB001C6B41 /* Products */;
			projectDirPath = "";
			projectRoot = "";
			targets = (
				1871670E22A76AFB001C6B41 /* WMZDialog */,
				1871672622A76B03001C6B41 /* WMZDialogTests */,
				1871673122A76B03001C6B41 /* WMZDialogUITests */,
			);
		};
/* End PBXProject section */

/* Begin PBXResourcesBuildPhase section */
		1871670D22A76AFB001C6B41 /* Resources */ = {
			isa = PBXResourcesBuildPhase;
			buildActionMask = 2147483647;
			files = (
				1871671F22A76B03001C6B41 /* LaunchScreen.storyboard in Resources */,
				1871671C22A76B03001C6B41 /* Assets.xcassets in Resources */,
				1871671A22A76AFB001C6B41 /* Main.storyboard in Resources */,
				184C266C2303DBC200679FCA /* province_data.xml in Resources */,
			);
			runOnlyForDeploymentPostprocessing = 0;
		};
		1871672522A76B03001C6B41 /* Resources */ = {
			isa = PBXResourcesBuildPhase;
			buildActionMask = 2147483647;
			files = (
			);
			runOnlyForDeploymentPostprocessing = 0;
		};
		1871673022A76B03001C6B41 /* Resources */ = {
			isa = PBXResourcesBuildPhase;
			buildActionMask = 2147483647;
			files = (
			);
			runOnlyForDeploymentPostprocessing = 0;
		};
/* End PBXResourcesBuildPhase section */

/* Begin PBXSourcesBuildPhase section */
		1871670B22A76AFB001C6B41 /* Sources */ = {
			isa = PBXSourcesBuildPhase;
			buildActionMask = 2147483647;
			files = (
				181DE8B122D323E4005DAE59 /* WMZDialog+BuyCar.m in Sources */,
				184C26CE2306691800679FCA /* DownVC.m in Sources */,
				181DE8D722D326A7005DAE59 /* MASCompositeConstraint.m in Sources */,
				181DE8E022D326A7005DAE59 /* ViewController+MASAdditions.m in Sources */,
				184C26842305439C00679FCA /* BuyCarVC.m in Sources */,
				184C26852305439C00679FCA /* DateTimeVC.m in Sources */,
				181DE8DF22D326A7005DAE59 /* View+MASAdditions.m in Sources */,
				18EE45E822AE2CE7008C93E6 /* WMZDialog+Share.m in Sources */,
				181DE8E522D326A7005DAE59 /* WMZTool.m in Sources */,
				1871674E22A76F80001C6B41 /* WMZDialogTool.m in Sources */,
				1871674722A76C12001C6B41 /* WMZDialog.m in Sources */,
				1871676722A919AD001C6B41 /* WMZDialog+Pay.m in Sources */,
				181DE8DA22D326A7005DAE59 /* MASLayoutConstraint.m in Sources */,
				181DE8E422D326A7005DAE59 /* WMZTags.m in Sources */,
				181DE8DD22D326A7005DAE59 /* NSArray+MASAdditions.m in Sources */,
				181DE8AE22D2DE0B005DAE59 /* WMZDialog+Advertisement.m in Sources */,
				18E0D3E122BB8567005C94EB /* WMZDialog+PickView.m in Sources */,
				181DE8D822D326A7005DAE59 /* MASConstraint.m in Sources */,
				181DE8E322D326A7005DAE59 /* WMZTagParam.m in Sources */,
				181F180222C06F4300B422CD /* WMZDialog+PopView.m in Sources */,
				181DE8DC22D326A7005DAE59 /* MASViewConstraint.m in Sources */,
				18E0D3DB22BA2509005C94EB /* WMZDialog+Write.m in Sources */,
				181F180822C5F8BF00B422CD /* WMZDialog+MenusSelect.m in Sources */,
				181DE8DB22D326A7005DAE59 /* MASViewAttribute.m in Sources */,
				181F180522C1CC1200B422CD /* WMZDialog+Down.m in Sources */,
				184C26872305439C00679FCA /* MenusSelectVC.m in Sources */,
				184C26882305439C00679FCA /* ViewController.m in Sources */,
				18C1E04722BCBE900043FF73 /* WMZDiaLogBase.m in Sources */,
				184C26662303B24100679FCA /* WMZDialog+Location.m in Sources */,
				1871672222A76B03001C6B41 /* main.m in Sources */,
				1871671422A76AFB001C6B41 /* AppDelegate.m in Sources */,
				181DE8E222D326A7005DAE59 /* WMZTagCell.m in Sources */,
				1871675422A76FDE001C6B41 /* WMZDialog+AutoDisappear.m in Sources */,
				184C266F23040E6E00679FCA /* WMZDialog+DatePicker.m in Sources */,
				184C26862305439C00679FCA /* LocationVC.m in Sources */,
				1871675B22A7AC4C001C6B41 /* WMZDialog+Normal.m in Sources */,
				181DE8DE22D326A7005DAE59 /* NSLayoutConstraint+MASDebugAdditions.m in Sources */,
				181DE8EB22D33096005DAE59 /* tagOneCell.m in Sources */,
				181DE8E122D326A7005DAE59 /* WMZTagBtn.m in Sources */,
				181DE8D922D326A7005DAE59 /* MASConstraintMaker.m in Sources */,
				181F17FF22C0668D00B422CD /* WMZDialog+time.m in Sources */,
				18E0D3E422BCABF7005C94EB /* WMZDialog+Sheet.m in Sources */,
				18E0D3DE22BB6C10005C94EB /* WMZDialog+Select.m in Sources */,
			);
			runOnlyForDeploymentPostprocessing = 0;
		};
		1871672322A76B03001C6B41 /* Sources */ = {
			isa = PBXSourcesBuildPhase;
			buildActionMask = 2147483647;
			files = (
				1871672C22A76B03001C6B41 /* WMZDialogTests.m in Sources */,
			);
			runOnlyForDeploymentPostprocessing = 0;
		};
		1871672E22A76B03001C6B41 /* Sources */ = {
			isa = PBXSourcesBuildPhase;
			buildActionMask = 2147483647;
			files = (
				1871673722A76B03001C6B41 /* WMZDialogUITests.m in Sources */,
			);
			runOnlyForDeploymentPostprocessing = 0;
		};
/* End PBXSourcesBuildPhase section */

/* Begin PBXTargetDependency section */
		1871672922A76B03001C6B41 /* PBXTargetDependency */ = {
			isa = PBXTargetDependency;
			target = 1871670E22A76AFB001C6B41 /* WMZDialog */;
			targetProxy = 1871672822A76B03001C6B41 /* PBXContainerItemProxy */;
		};
		1871673422A76B03001C6B41 /* PBXTargetDependency */ = {
			isa = PBXTargetDependency;
			target = 1871670E22A76AFB001C6B41 /* WMZDialog */;
			targetProxy = 1871673322A76B03001C6B41 /* PBXContainerItemProxy */;
		};
/* End PBXTargetDependency section */

/* Begin PBXVariantGroup section */
		1871671822A76AFB001C6B41 /* Main.storyboard */ = {
			isa = PBXVariantGroup;
			children = (
				1871671922A76AFB001C6B41 /* Base */,
			);
			name = Main.storyboard;
			sourceTree = "<group>";
		};
		1871671D22A76B03001C6B41 /* LaunchScreen.storyboard */ = {
			isa = PBXVariantGroup;
			children = (
				1871671E22A76B03001C6B41 /* Base */,
			);
			name = LaunchScreen.storyboard;
			sourceTree = "<group>";
		};
/* End PBXVariantGroup section */

/* Begin XCBuildConfiguration section */
		1871673922A76B03001C6B41 /* Debug */ = {
			isa = XCBuildConfiguration;
			buildSettings = {
				ALWAYS_SEARCH_USER_PATHS = NO;
				CLANG_ANALYZER_NONNULL = YES;
				CLANG_ANALYZER_NUMBER_OBJECT_CONVERSION = YES_AGGRESSIVE;
				CLANG_CXX_LANGUAGE_STANDARD = "gnu++14";
				CLANG_CXX_LIBRARY = "libc++";
				CLANG_ENABLE_MODULES = YES;
				CLANG_ENABLE_OBJC_ARC = YES;
				CLANG_ENABLE_OBJC_WEAK = YES;
				CLANG_WARN_BLOCK_CAPTURE_AUTORELEASING = YES;
				CLANG_WARN_BOOL_CONVERSION = YES;
				CLANG_WARN_COMMA = YES;
				CLANG_WARN_CONSTANT_CONVERSION = YES;
				CLANG_WARN_DEPRECATED_OBJC_IMPLEMENTATIONS = YES;
				CLANG_WARN_DIRECT_OBJC_ISA_USAGE = YES_ERROR;
				CLANG_WARN_DOCUMENTATION_COMMENTS = YES;
				CLANG_WARN_EMPTY_BODY = YES;
				CLANG_WARN_ENUM_CONVERSION = YES;
				CLANG_WARN_INFINITE_RECURSION = YES;
				CLANG_WARN_INT_CONVERSION = YES;
				CLANG_WARN_NON_LITERAL_NULL_CONVERSION = YES;
				CLANG_WARN_OBJC_IMPLICIT_RETAIN_SELF = YES;
				CLANG_WARN_OBJC_LITERAL_CONVERSION = YES;
				CLANG_WARN_OBJC_ROOT_CLASS = YES_ERROR;
				CLANG_WARN_RANGE_LOOP_ANALYSIS = YES;
				CLANG_WARN_STRICT_PROTOTYPES = YES;
				CLANG_WARN_SUSPICIOUS_MOVE = YES;
				CLANG_WARN_UNGUARDED_AVAILABILITY = YES_AGGRESSIVE;
				CLANG_WARN_UNREACHABLE_CODE = YES;
				CLANG_WARN__DUPLICATE_METHOD_MATCH = YES;
				CODE_SIGN_IDENTITY = "iPhone Developer";
				COPY_PHASE_STRIP = NO;
				DEBUG_INFORMATION_FORMAT = dwarf;
				ENABLE_STRICT_OBJC_MSGSEND = YES;
				ENABLE_TESTABILITY = YES;
				GCC_C_LANGUAGE_STANDARD = gnu11;
				GCC_DYNAMIC_NO_PIC = NO;
				GCC_NO_COMMON_BLOCKS = YES;
				GCC_OPTIMIZATION_LEVEL = 0;
				GCC_PREPROCESSOR_DEFINITIONS = (
					"DEBUG=1",
					"$(inherited)",
				);
				GCC_WARN_64_TO_32_BIT_CONVERSION = YES;
				GCC_WARN_ABOUT_RETURN_TYPE = YES_ERROR;
				GCC_WARN_UNDECLARED_SELECTOR = YES;
				GCC_WARN_UNINITIALIZED_AUTOS = YES_AGGRESSIVE;
				GCC_WARN_UNUSED_FUNCTION = YES;
				GCC_WARN_UNUSED_VARIABLE = YES;
				IPHONEOS_DEPLOYMENT_TARGET = 12.0;
				MTL_ENABLE_DEBUG_INFO = INCLUDE_SOURCE;
				MTL_FAST_MATH = YES;
				ONLY_ACTIVE_ARCH = YES;
				SDKROOT = iphoneos;
			};
			name = Debug;
		};
		1871673A22A76B03001C6B41 /* Release */ = {
			isa = XCBuildConfiguration;
			buildSettings = {
				ALWAYS_SEARCH_USER_PATHS = NO;
				CLANG_ANALYZER_NONNULL = YES;
				CLANG_ANALYZER_NUMBER_OBJECT_CONVERSION = YES_AGGRESSIVE;
				CLANG_CXX_LANGUAGE_STANDARD = "gnu++14";
				CLANG_CXX_LIBRARY = "libc++";
				CLANG_ENABLE_MODULES = YES;
				CLANG_ENABLE_OBJC_ARC = YES;
				CLANG_ENABLE_OBJC_WEAK = YES;
				CLANG_WARN_BLOCK_CAPTURE_AUTORELEASING = YES;
				CLANG_WARN_BOOL_CONVERSION = YES;
				CLANG_WARN_COMMA = YES;
				CLANG_WARN_CONSTANT_CONVERSION = YES;
				CLANG_WARN_DEPRECATED_OBJC_IMPLEMENTATIONS = YES;
				CLANG_WARN_DIRECT_OBJC_ISA_USAGE = YES_ERROR;
				CLANG_WARN_DOCUMENTATION_COMMENTS = YES;
				CLANG_WARN_EMPTY_BODY = YES;
				CLANG_WARN_ENUM_CONVERSION = YES;
				CLANG_WARN_INFINITE_RECURSION = YES;
				CLANG_WARN_INT_CONVERSION = YES;
				CLANG_WARN_NON_LITERAL_NULL_CONVERSION = YES;
				CLANG_WARN_OBJC_IMPLICIT_RETAIN_SELF = YES;
				CLANG_WARN_OBJC_LITERAL_CONVERSION = YES;
				CLANG_WARN_OBJC_ROOT_CLASS = YES_ERROR;
				CLANG_WARN_RANGE_LOOP_ANALYSIS = YES;
				CLANG_WARN_STRICT_PROTOTYPES = YES;
				CLANG_WARN_SUSPICIOUS_MOVE = YES;
				CLANG_WARN_UNGUARDED_AVAILABILITY = YES_AGGRESSIVE;
				CLANG_WARN_UNREACHABLE_CODE = YES;
				CLANG_WARN__DUPLICATE_METHOD_MATCH = YES;
				CODE_SIGN_IDENTITY = "iPhone Developer";
				COPY_PHASE_STRIP = NO;
				DEBUG_INFORMATION_FORMAT = "dwarf-with-dsym";
				ENABLE_NS_ASSERTIONS = NO;
				ENABLE_STRICT_OBJC_MSGSEND = YES;
				GCC_C_LANGUAGE_STANDARD = gnu11;
				GCC_NO_COMMON_BLOCKS = YES;
				GCC_WARN_64_TO_32_BIT_CONVERSION = YES;
				GCC_WARN_ABOUT_RETURN_TYPE = YES_ERROR;
				GCC_WARN_UNDECLARED_SELECTOR = YES;
				GCC_WARN_UNINITIALIZED_AUTOS = YES_AGGRESSIVE;
				GCC_WARN_UNUSED_FUNCTION = YES;
				GCC_WARN_UNUSED_VARIABLE = YES;
				IPHONEOS_DEPLOYMENT_TARGET = 12.0;
				MTL_ENABLE_DEBUG_INFO = NO;
				MTL_FAST_MATH = YES;
				SDKROOT = iphoneos;
				VALIDATE_PRODUCT = YES;
			};
			name = Release;
		};
		1871673C22A76B03001C6B41 /* Debug */ = {
			isa = XCBuildConfiguration;
			buildSettings = {
				ASSETCATALOG_COMPILER_APPICON_NAME = AppIcon;
				CLANG_WARN_OBJC_IMPLICIT_RETAIN_SELF = NO;
				CODE_SIGN_IDENTITY = "iPhone Developer";
				CODE_SIGN_STYLE = Automatic;
				DEVELOPMENT_TEAM = HR6T4LQD9T;
				INFOPLIST_FILE = WMZDialog/Info.plist;
				IPHONEOS_DEPLOYMENT_TARGET = 9.0;
				LD_RUNPATH_SEARCH_PATHS = (
					"$(inherited)",
					"@executable_path/Frameworks",
				);
				PRODUCT_BUNDLE_IDENTIFIER = com.WMZDialo;
				PRODUCT_NAME = "$(TARGET_NAME)";
				PROVISIONING_PROFILE_SPECIFIER = "";
				TARGETED_DEVICE_FAMILY = "1,2";
				WARNING_CFLAGS = "-Wno-objc-protocol-method-implementation";
			};
			name = Debug;
		};
		1871673D22A76B03001C6B41 /* Release */ = {
			isa = XCBuildConfiguration;
			buildSettings = {
				ASSETCATALOG_COMPILER_APPICON_NAME = AppIcon;
				CLANG_WARN_OBJC_IMPLICIT_RETAIN_SELF = NO;
				CODE_SIGN_IDENTITY = "iPhone Developer";
				CODE_SIGN_STYLE = Automatic;
				DEVELOPMENT_TEAM = HR6T4LQD9T;
				INFOPLIST_FILE = WMZDialog/Info.plist;
				IPHONEOS_DEPLOYMENT_TARGET = 9.0;
				LD_RUNPATH_SEARCH_PATHS = (
					"$(inherited)",
					"@executable_path/Frameworks",
				);
				PRODUCT_BUNDLE_IDENTIFIER = com.WMZDialo;
				PRODUCT_NAME = "$(TARGET_NAME)";
				PROVISIONING_PROFILE_SPECIFIER = "";
				TARGETED_DEVICE_FAMILY = "1,2";
				WARNING_CFLAGS = "-Wno-objc-protocol-method-implementation";
			};
			name = Release;
		};
		1871673F22A76B03001C6B41 /* Debug */ = {
			isa = XCBuildConfiguration;
			buildSettings = {
				BUNDLE_LOADER = "$(TEST_HOST)";
				CODE_SIGN_STYLE = Automatic;
				DEVELOPMENT_TEAM = HR6T4LQD9T;
				INFOPLIST_FILE = WMZDialogTests/Info.plist;
				LD_RUNPATH_SEARCH_PATHS = (
					"$(inherited)",
					"@executable_path/Frameworks",
					"@loader_path/Frameworks",
				);
				PRODUCT_BUNDLE_IDENTIFIER = com.WMZDialogTests;
				PRODUCT_NAME = "$(TARGET_NAME)";
				TARGETED_DEVICE_FAMILY = "1,2";
				TEST_HOST = "$(BUILT_PRODUCTS_DIR)/WMZDialog.app/WMZDialog";
			};
			name = Debug;
		};
		1871674022A76B03001C6B41 /* Release */ = {
			isa = XCBuildConfiguration;
			buildSettings = {
				BUNDLE_LOADER = "$(TEST_HOST)";
				CODE_SIGN_STYLE = Automatic;
				DEVELOPMENT_TEAM = HR6T4LQD9T;
				INFOPLIST_FILE = WMZDialogTests/Info.plist;
				LD_RUNPATH_SEARCH_PATHS = (
					"$(inherited)",
					"@executable_path/Frameworks",
					"@loader_path/Frameworks",
				);
				PRODUCT_BUNDLE_IDENTIFIER = com.WMZDialogTests;
				PRODUCT_NAME = "$(TARGET_NAME)";
				TARGETED_DEVICE_FAMILY = "1,2";
				TEST_HOST = "$(BUILT_PRODUCTS_DIR)/WMZDialog.app/WMZDialog";
			};
			name = Release;
		};
		1871674222A76B03001C6B41 /* Debug */ = {
			isa = XCBuildConfiguration;
			buildSettings = {
				CODE_SIGN_STYLE = Automatic;
				DEVELOPMENT_TEAM = HR6T4LQD9T;
				INFOPLIST_FILE = WMZDialogUITests/Info.plist;
				LD_RUNPATH_SEARCH_PATHS = (
					"$(inherited)",
					"@executable_path/Frameworks",
					"@loader_path/Frameworks",
				);
				PRODUCT_BUNDLE_IDENTIFIER = com.WMZDialogUITests;
				PRODUCT_NAME = "$(TARGET_NAME)";
				TARGETED_DEVICE_FAMILY = "1,2";
				TEST_TARGET_NAME = WMZDialog;
			};
			name = Debug;
		};
		1871674322A76B03001C6B41 /* Release */ = {
			isa = XCBuildConfiguration;
			buildSettings = {
				CODE_SIGN_STYLE = Automatic;
				DEVELOPMENT_TEAM = HR6T4LQD9T;
				INFOPLIST_FILE = WMZDialogUITests/Info.plist;
				LD_RUNPATH_SEARCH_PATHS = (
					"$(inherited)",
					"@executable_path/Frameworks",
					"@loader_path/Frameworks",
				);
				PRODUCT_BUNDLE_IDENTIFIER = com.WMZDialogUITests;
				PRODUCT_NAME = "$(TARGET_NAME)";
				TARGETED_DEVICE_FAMILY = "1,2";
				TEST_TARGET_NAME = WMZDialog;
			};
			name = Release;
		};
/* End XCBuildConfiguration section */

/* Begin XCConfigurationList section */
		1871670A22A76AFB001C6B41 /* Build configuration list for PBXProject "WMZDialog" */ = {
			isa = XCConfigurationList;
			buildConfigurations = (
				1871673922A76B03001C6B41 /* Debug */,
				1871673A22A76B03001C6B41 /* Release */,
			);
			defaultConfigurationIsVisible = 0;
			defaultConfigurationName = Release;
		};
		1871673B22A76B03001C6B41 /* Build configuration list for PBXNativeTarget "WMZDialog" */ = {
			isa = XCConfigurationList;
			buildConfigurations = (
				1871673C22A76B03001C6B41 /* Debug */,
				1871673D22A76B03001C6B41 /* Release */,
			);
			defaultConfigurationIsVisible = 0;
			defaultConfigurationName = Release;
		};
		1871673E22A76B03001C6B41 /* Build configuration list for PBXNativeTarget "WMZDialogTests" */ = {
			isa = XCConfigurationList;
			buildConfigurations = (
				1871673F22A76B03001C6B41 /* Debug */,
				1871674022A76B03001C6B41 /* Release */,
			);
			defaultConfigurationIsVisible = 0;
			defaultConfigurationName = Release;
		};
		1871674122A76B03001C6B41 /* Build configuration list for PBXNativeTarget "WMZDialogUITests" */ = {
			isa = XCConfigurationList;
			buildConfigurations = (
				1871674222A76B03001C6B41 /* Debug */,
				1871674322A76B03001C6B41 /* Release */,
			);
			defaultConfigurationIsVisible = 0;
			defaultConfigurationName = Release;
		};
/* End XCConfigurationList section */
	};
	rootObject = 1871670722A76AFB001C6B41 /* Project object */;
}
